// !$*UTF8*$!
{
	archiveVersion = 1;
	classes = {
	};
	objectVersion = 46;
	objects = {

/* Begin PBXBuildFile section */
		1ABF1DCA9E18D5DCEE186BCB /* libPods.a in Frameworks */ = {isa = PBXBuildFile; fileRef = 9387F30B934A1A576DB683B0 /* libPods.a */; };
		4602A6B61C4A80AB00F4751A /* login_01@2x.png in Resources */ = {isa = PBXBuildFile; fileRef = 4602A6971C4A80AB00F4751A /* login_01@2x.png */; };
		4602A6B71C4A80AB00F4751A /* login_01@3x.png in Resources */ = {isa = PBXBuildFile; fileRef = 4602A6981C4A80AB00F4751A /* login_01@3x.png */; };
		4602A6B81C4A80AB00F4751A /* login_02@2x.png in Resources */ = {isa = PBXBuildFile; fileRef = 4602A6991C4A80AB00F4751A /* login_02@2x.png */; };
		4602A6B91C4A80AB00F4751A /* login_02@3x.png in Resources */ = {isa = PBXBuildFile; fileRef = 4602A69A1C4A80AB00F4751A /* login_02@3x.png */; };
		4602A6BA1C4A80AB00F4751A /* login_03@2x.png in Resources */ = {isa = PBXBuildFile; fileRef = 4602A69B1C4A80AB00F4751A /* login_03@2x.png */; };
		4602A6BB1C4A80AB00F4751A /* login_03@3x.png in Resources */ = {isa = PBXBuildFile; fileRef = 4602A69C1C4A80AB00F4751A /* login_03@3x.png */; };
		4602A6BC1C4A80AB00F4751A /* login_04@2x.png in Resources */ = {isa = PBXBuildFile; fileRef = 4602A69D1C4A80AB00F4751A /* login_04@2x.png */; };
		4602A6BD1C4A80AB00F4751A /* login_04@3x.png in Resources */ = {isa = PBXBuildFile; fileRef = 4602A69E1C4A80AB00F4751A /* login_04@3x.png */; };
		4602A6BE1C4A80AB00F4751A /* login_09@2x.png in Resources */ = {isa = PBXBuildFile; fileRef = 4602A69F1C4A80AB00F4751A /* login_09@2x.png */; };
		4602A6BF1C4A80AB00F4751A /* login_09@3x.png in Resources */ = {isa = PBXBuildFile; fileRef = 4602A6A01C4A80AB00F4751A /* login_09@3x.png */; };
		4602A6C01C4A80AB00F4751A /* login_10@2x.png in Resources */ = {isa = PBXBuildFile; fileRef = 4602A6A11C4A80AB00F4751A /* login_10@2x.png */; };
		4602A6C11C4A80AB00F4751A /* login_10@3x.png in Resources */ = {isa = PBXBuildFile; fileRef = 4602A6A21C4A80AB00F4751A /* login_10@3x.png */; };
		4602A6C21C4A80AB00F4751A /* login_11@2x.png in Resources */ = {isa = PBXBuildFile; fileRef = 4602A6A31C4A80AB00F4751A /* login_11@2x.png */; };
		4602A6C31C4A80AB00F4751A /* login_11@3x.png in Resources */ = {isa = PBXBuildFile; fileRef = 4602A6A41C4A80AB00F4751A /* login_11@3x.png */; };
		4602A6C41C4A80AB00F4751A /* login_13@2x.png in Resources */ = {isa = PBXBuildFile; fileRef = 4602A6A51C4A80AB00F4751A /* login_13@2x.png */; };
		4602A6C51C4A80AB00F4751A /* login_13@3x.png in Resources */ = {isa = PBXBuildFile; fileRef = 4602A6A61C4A80AB00F4751A /* login_13@3x.png */; };
		4602A6C61C4A80AB00F4751A /* login_14@2x.png in Resources */ = {isa = PBXBuildFile; fileRef = 4602A6A71C4A80AB00F4751A /* login_14@2x.png */; };
		4602A6C71C4A80AB00F4751A /* login_14@3x.png in Resources */ = {isa = PBXBuildFile; fileRef = 4602A6A81C4A80AB00F4751A /* login_14@3x.png */; };
		4602A6C81C4A80AB00F4751A /* login_15@2x.png in Resources */ = {isa = PBXBuildFile; fileRef = 4602A6A91C4A80AB00F4751A /* login_15@2x.png */; };
		4602A6C91C4A80AB00F4751A /* login_15@3x.png in Resources */ = {isa = PBXBuildFile; fileRef = 4602A6AA1C4A80AB00F4751A /* login_15@3x.png */; };
		4602A6CA1C4A80AB00F4751A /* login_16@2x.png in Resources */ = {isa = PBXBuildFile; fileRef = 4602A6AB1C4A80AB00F4751A /* login_16@2x.png */; };
		4602A6CB1C4A80AB00F4751A /* login_16@3x.png in Resources */ = {isa = PBXBuildFile; fileRef = 4602A6AC1C4A80AB00F4751A /* login_16@3x.png */; };
		4602A6CC1C4A80AB00F4751A /* login_17@2x.png in Resources */ = {isa = PBXBuildFile; fileRef = 4602A6AD1C4A80AB00F4751A /* login_17@2x.png */; };
		4602A6CD1C4A80AB00F4751A /* login_17@3x.png in Resources */ = {isa = PBXBuildFile; fileRef = 4602A6AE1C4A80AB00F4751A /* login_17@3x.png */; };
		4602A6CE1C4A80AB00F4751A /* login_19@2x.png in Resources */ = {isa = PBXBuildFile; fileRef = 4602A6AF1C4A80AB00F4751A /* login_19@2x.png */; };
		4602A6CF1C4A80AB00F4751A /* login_19@3x.png in Resources */ = {isa = PBXBuildFile; fileRef = 4602A6B01C4A80AB00F4751A /* login_19@3x.png */; };
		4602A6D01C4A80AB00F4751A /* login_19_pre@3x.png in Resources */ = {isa = PBXBuildFile; fileRef = 4602A6B11C4A80AB00F4751A /* login_19_pre@3x.png */; };
		4602A6D11C4A80AB00F4751A /* login_20@2x.png in Resources */ = {isa = PBXBuildFile; fileRef = 4602A6B21C4A80AB00F4751A /* login_20@2x.png */; };
		4602A6D21C4A80AB00F4751A /* login_20@3x.png in Resources */ = {isa = PBXBuildFile; fileRef = 4602A6B31C4A80AB00F4751A /* login_20@3x.png */; };
		4602A6D31C4A80AB00F4751A /* login_20_pre@2x.png in Resources */ = {isa = PBXBuildFile; fileRef = 4602A6B41C4A80AB00F4751A /* login_20_pre@2x.png */; };
		4602A6D41C4A80AB00F4751A /* login_20_pre@3x.png in Resources */ = {isa = PBXBuildFile; fileRef = 4602A6B51C4A80AB00F4751A /* login_20_pre@3x.png */; };
		4602A6DD1C4A80C900F4751A /* denglu.png in Resources */ = {isa = PBXBuildFile; fileRef = 4602A6D61C4A80C900F4751A /* denglu.png */; };
		4602A6DE1C4A80C900F4751A /* zhuce.png in Resources */ = {isa = PBXBuildFile; fileRef = 4602A6D71C4A80C900F4751A /* zhuce.png */; };
		4602A6DF1C4A80C900F4751A /* logo.png in Resources */ = {isa = PBXBuildFile; fileRef = 4602A6D81C4A80C900F4751A /* logo.png */; };
		4602A6E01C4A80C900F4751A /* Lanches.gif in Resources */ = {isa = PBXBuildFile; fileRef = 4602A6D91C4A80C900F4751A /* Lanches.gif */; };
		4602A6E11C4A80C900F4751A /* Launch.png in Resources */ = {isa = PBXBuildFile; fileRef = 4602A6DA1C4A80C900F4751A /* Launch.png */; };
		4602A6E21C4A80C900F4751A /* heart.png in Resources */ = {isa = PBXBuildFile; fileRef = 4602A6DB1C4A80C900F4751A /* heart.png */; };
		4602A6E91C4A80E800F4751A /* LoginViewController.m in Sources */ = {isa = PBXBuildFile; fileRef = 4602A6E41C4A80E800F4751A /* LoginViewController.m */; };
		4602A6EA1C4A80E800F4751A /* DetailRegistersVC.m in Sources */ = {isa = PBXBuildFile; fileRef = 4602A6E61C4A80E800F4751A /* DetailRegistersVC.m */; };
		4602A6EB1C4A80E800F4751A /* RegistersViewController.m in Sources */ = {isa = PBXBuildFile; fileRef = 4602A6E81C4A80E800F4751A /* RegistersViewController.m */; };
		462568EC1C7734130010CDA7 /* LCMainVC.m in Sources */ = {isa = PBXBuildFile; fileRef = 462568EB1C7734130010CDA7 /* LCMainVC.m */; };
		462568F71C7735930010CDA7 /* UIImageView+HeadView.m in Sources */ = {isa = PBXBuildFile; fileRef = 462568F61C7735930010CDA7 /* UIImageView+HeadView.m */; };
		46256AE61C7746760010CDA7 /* ChatListCell.m in Sources */ = {isa = PBXBuildFile; fileRef = 46256AE31C7746760010CDA7 /* ChatListCell.m */; };
		46256AE71C7746760010CDA7 /* ChatListViewController.m in Sources */ = {isa = PBXBuildFile; fileRef = 46256AE51C7746760010CDA7 /* ChatListViewController.m */; };
		462B2B021C4F97FD004E3B00 /* LCChatBarMoreView.m in Sources */ = {isa = PBXBuildFile; fileRef = 462B2B011C4F97FD004E3B00 /* LCChatBarMoreView.m */; };
		464437FA1C5C95B8007F6D5C /* DXFaceView.m in Sources */ = {isa = PBXBuildFile; fileRef = 464437F71C5C95B8007F6D5C /* DXFaceView.m */; };
		464438001C5CA01E007F6D5C /* EMTextView.m in Sources */ = {isa = PBXBuildFile; fileRef = 464437FD1C5CA01E007F6D5C /* EMTextView.m */; };
		464438041C5CA057007F6D5C /* FacialView.m in Sources */ = {isa = PBXBuildFile; fileRef = 464438031C5CA057007F6D5C /* FacialView.m */; };
		464438071C5DDB18007F6D5C /* XHMessageTextView.m in Sources */ = {isa = PBXBuildFile; fileRef = 464438061C5DDB18007F6D5C /* XHMessageTextView.m */; };
		4673A4F91C7569BE0093C66C /* AppDelegate+Parse.m in Sources */ = {isa = PBXBuildFile; fileRef = 4673A4F81C7569BE0093C66C /* AppDelegate+Parse.m */; };
		4673A5191C75E6FA0093C66C /* AppDelegate+EaseMob.m in Sources */ = {isa = PBXBuildFile; fileRef = 4673A5181C75E6FA0093C66C /* AppDelegate+EaseMob.m */; };
		46871AAA1C4D00C700E5A6E8 /* SQChatVC.m in Sources */ = {isa = PBXBuildFile; fileRef = 46871AA91C4D00C700E5A6E8 /* SQChatVC.m */; };
		46871AB01C4D140900E5A6E8 /* LocationViewController.m in Sources */ = {isa = PBXBuildFile; fileRef = 46871AAD1C4D140900E5A6E8 /* LocationViewController.m */; };
		46871AB11C4D140900E5A6E8 /* LCConvertToCommonEmoticonsHelper.m in Sources */ = {isa = PBXBuildFile; fileRef = 46871AAF1C4D140900E5A6E8 /* LCConvertToCommonEmoticonsHelper.m */; };
		46871AB61C4D146E00E5A6E8 /* Emoji.m in Sources */ = {isa = PBXBuildFile; fileRef = 46871AB31C4D146E00E5A6E8 /* Emoji.m */; };
		46871AB71C4D146E00E5A6E8 /* EmojiEmoticons.m in Sources */ = {isa = PBXBuildFile; fileRef = 46871AB51C4D146E00E5A6E8 /* EmojiEmoticons.m */; };
		46871ABA1C4D158100E5A6E8 /* CoreFoundation.framework in Frameworks */ = {isa = PBXBuildFile; fileRef = 46871AB91C4D158100E5A6E8 /* CoreFoundation.framework */; };
		46871ABC1C4D158900E5A6E8 /* CoreLocation.framework in Frameworks */ = {isa = PBXBuildFile; fileRef = 46871ABB1C4D158900E5A6E8 /* CoreLocation.framework */; };
		46871ABE1C4D15A100E5A6E8 /* MapKit.framework in Frameworks */ = {isa = PBXBuildFile; fileRef = 46871ABD1C4D15A100E5A6E8 /* MapKit.framework */; };
		46871AC01C4D15BA00E5A6E8 /* CFNetwork.framework in Frameworks */ = {isa = PBXBuildFile; fileRef = 46871ABF1C4D15BA00E5A6E8 /* CFNetwork.framework */; };
		46871AC81C4D1B6C00E5A6E8 /* MessageReadManager.m in Sources */ = {isa = PBXBuildFile; fileRef = 46871AC31C4D1B6C00E5A6E8 /* MessageReadManager.m */; };
		46871AC91C4D1B6C00E5A6E8 /* MessageModel.m in Sources */ = {isa = PBXBuildFile; fileRef = 46871AC51C4D1B6C00E5A6E8 /* MessageModel.m */; };
		46871ACA1C4D1B6C00E5A6E8 /* MessageModelManager.m in Sources */ = {isa = PBXBuildFile; fileRef = 46871AC71C4D1B6C00E5A6E8 /* MessageModelManager.m */; };
		46871AD21C4D1B7F00E5A6E8 /* EMChatTimeCell.m in Sources */ = {isa = PBXBuildFile; fileRef = 46871ACD1C4D1B7F00E5A6E8 /* EMChatTimeCell.m */; };
		46871AD31C4D1B7F00E5A6E8 /* EMChatViewBaseCell.m in Sources */ = {isa = PBXBuildFile; fileRef = 46871ACF1C4D1B7F00E5A6E8 /* EMChatViewBaseCell.m */; };
		46871AD41C4D1B7F00E5A6E8 /* EMChatViewCell.m in Sources */ = {isa = PBXBuildFile; fileRef = 46871AD11C4D1B7F00E5A6E8 /* EMChatViewCell.m */; };
		46871AE31C4D1B9300E5A6E8 /* EMChatAudioBubbleView.m in Sources */ = {isa = PBXBuildFile; fileRef = 46871AD91C4D1B9300E5A6E8 /* EMChatAudioBubbleView.m */; };
		46871AE41C4D1B9300E5A6E8 /* EMChatBaseBubbleView.m in Sources */ = {isa = PBXBuildFile; fileRef = 46871ADB1C4D1B9300E5A6E8 /* EMChatBaseBubbleView.m */; };
		46871AEA1C4D1C0300E5A6E8 /* THProgressView.m in Sources */ = {isa = PBXBuildFile; fileRef = 46871AE91C4D1C0300E5A6E8 /* THProgressView.m */; };
		46871AED1C4D1C5A00E5A6E8 /* UIResponder+SQRouter.m in Sources */ = {isa = PBXBuildFile; fileRef = 46871AEC1C4D1C5A00E5A6E8 /* UIResponder+SQRouter.m */; };
		46871AEF1C4D239000E5A6E8 /* MobileCoreServices.framework in Frameworks */ = {isa = PBXBuildFile; fileRef = 46871AEE1C4D239000E5A6E8 /* MobileCoreServices.framework */; };
		46871AF11C4D23A400E5A6E8 /* AVFoundation.framework in Frameworks */ = {isa = PBXBuildFile; fileRef = 46871AF01C4D23A400E5A6E8 /* AVFoundation.framework */; };
		46871AF31C4D23AA00E5A6E8 /* MediaPlayer.framework in Frameworks */ = {isa = PBXBuildFile; fileRef = 46871AF21C4D23AA00E5A6E8 /* MediaPlayer.framework */; };
		469156961C5632C100FF05FD /* SQChatVC+Category.m in Sources */ = {isa = PBXBuildFile; fileRef = 469156951C5632C100FF05FD /* SQChatVC+Category.m */; };
		46A4C1881C60763C009E0936 /* Bolts.framework in Frameworks */ = {isa = PBXBuildFile; fileRef = 46A4C1861C60763C009E0936 /* Bolts.framework */; };
		46A4C1891C60763C009E0936 /* Parse.framework in Frameworks */ = {isa = PBXBuildFile; fileRef = 46A4C1871C60763C009E0936 /* Parse.framework */; };
		46A4C18B1C6076AD009E0936 /* AudioToolbox.framework in Frameworks */ = {isa = PBXBuildFile; fileRef = 46A4C18A1C6076AD009E0936 /* AudioToolbox.framework */; };
		46A4C18D1C607760009E0936 /* Accounts.framework in Frameworks */ = {isa = PBXBuildFile; fileRef = 46A4C18C1C607760009E0936 /* Accounts.framework */; };
		46A4C18F1C607765009E0936 /* AdSupport.framework in Frameworks */ = {isa = PBXBuildFile; fileRef = 46A4C18E1C607765009E0936 /* AdSupport.framework */; };
		46A4C1911C607770009E0936 /* CoreGraphics.framework in Frameworks */ = {isa = PBXBuildFile; fileRef = 46A4C1901C607770009E0936 /* CoreGraphics.framework */; };
		46A4C1931C60777A009E0936 /* libsqlite3.0.tbd in Frameworks */ = {isa = PBXBuildFile; fileRef = 46A4C1921C60777A009E0936 /* libsqlite3.0.tbd */; };
		46A4C1951C607784009E0936 /* libz.1.1.3.tbd in Frameworks */ = {isa = PBXBuildFile; fileRef = 46A4C1941C607784009E0936 /* libz.1.1.3.tbd */; };
		46A4C1971C607790009E0936 /* QuartzCore.framework in Frameworks */ = {isa = PBXBuildFile; fileRef = 46A4C1961C607790009E0936 /* QuartzCore.framework */; };
		46A4C1991C607799009E0936 /* Security.framework in Frameworks */ = {isa = PBXBuildFile; fileRef = 46A4C1981C607799009E0936 /* Security.framework */; };
		46A4C19B1C6077A0009E0936 /* Social.framework in Frameworks */ = {isa = PBXBuildFile; fileRef = 46A4C19A1C6077A0009E0936 /* Social.framework */; };
		46A4C19D1C6077A6009E0936 /* StoreKit.framework in Frameworks */ = {isa = PBXBuildFile; fileRef = 46A4C19C1C6077A6009E0936 /* StoreKit.framework */; };
		46A4C19F1C6077B2009E0936 /* SystemConfiguration.framework in Frameworks */ = {isa = PBXBuildFile; fileRef = 46A4C19E1C6077B2009E0936 /* SystemConfiguration.framework */; };
		46BEB6031C52475100FA9B14 /* ChatSendHelper.m in Sources */ = {isa = PBXBuildFile; fileRef = 46BEB6021C52475100FA9B14 /* ChatSendHelper.m */; };
		46BEB6091C525C3500FA9B14 /* UIView+LCTextInputKeyboard.m in Sources */ = {isa = PBXBuildFile; fileRef = 46BEB6081C525C3500FA9B14 /* UIView+LCTextInputKeyboard.m */; };
		46C2111D1C58E37700134D1C /* CLMessageTooBar.m in Sources */ = {isa = PBXBuildFile; fileRef = 46C2111C1C58E37700134D1C /* CLMessageTooBar.m */; };
		46CA53791C4A727C00FE42F5 /* main.m in Sources */ = {isa = PBXBuildFile; fileRef = 46CA53781C4A727C00FE42F5 /* main.m */; };
		46CA537C1C4A727C00FE42F5 /* AppDelegate.m in Sources */ = {isa = PBXBuildFile; fileRef = 46CA537B1C4A727C00FE42F5 /* AppDelegate.m */; };
		46CA537F1C4A727C00FE42F5 /* ViewController.m in Sources */ = {isa = PBXBuildFile; fileRef = 46CA537E1C4A727C00FE42F5 /* ViewController.m */; };
		46CA53821C4A727C00FE42F5 /* Main.storyboard in Resources */ = {isa = PBXBuildFile; fileRef = 46CA53801C4A727C00FE42F5 /* Main.storyboard */; };
		46CA53841C4A727C00FE42F5 /* Assets.xcassets in Resources */ = {isa = PBXBuildFile; fileRef = 46CA53831C4A727C00FE42F5 /* Assets.xcassets */; };
		46CA53871C4A727C00FE42F5 /* LaunchScreen.storyboard in Resources */ = {isa = PBXBuildFile; fileRef = 46CA53851C4A727C00FE42F5 /* LaunchScreen.storyboard */; };
		46CA53921C4A727C00FE42F5 /* LoopChatTests.m in Sources */ = {isa = PBXBuildFile; fileRef = 46CA53911C4A727C00FE42F5 /* LoopChatTests.m */; };
		46CA539D1C4A727C00FE42F5 /* LoopChatUITests.m in Sources */ = {isa = PBXBuildFile; fileRef = 46CA539C1C4A727C00FE42F5 /* LoopChatUITests.m */; };
		46DA57171C5F6A7A006316D5 /* LCUserProfileManage.m in Sources */ = {isa = PBXBuildFile; fileRef = 46DA57161C5F6A7A006316D5 /* LCUserProfileManage.m */; };
/* End PBXBuildFile section */

/* Begin PBXContainerItemProxy section */
		46CA538E1C4A727C00FE42F5 /* PBXContainerItemProxy */ = {
			isa = PBXContainerItemProxy;
			containerPortal = 46CA536C1C4A727C00FE42F5 /* Project object */;
			proxyType = 1;
			remoteGlobalIDString = 46CA53731C4A727C00FE42F5;
			remoteInfo = LoopChat;
		};
		46CA53991C4A727C00FE42F5 /* PBXContainerItemProxy */ = {
			isa = PBXContainerItemProxy;
			containerPortal = 46CA536C1C4A727C00FE42F5 /* Project object */;
			proxyType = 1;
			remoteGlobalIDString = 46CA53731C4A727C00FE42F5;
			remoteInfo = LoopChat;
		};
/* End PBXContainerItemProxy section */

/* Begin PBXFileReference section */
		4602A6971C4A80AB00F4751A /* login_01@2x.png */ = {isa = PBXFileReference; lastKnownFileType = image.png; path = "login_01@2x.png"; sourceTree = "<group>"; };
		4602A6981C4A80AB00F4751A /* login_01@3x.png */ = {isa = PBXFileReference; lastKnownFileType = image.png; path = "login_01@3x.png"; sourceTree = "<group>"; };
		4602A6991C4A80AB00F4751A /* login_02@2x.png */ = {isa = PBXFileReference; lastKnownFileType = image.png; path = "login_02@2x.png"; sourceTree = "<group>"; };
		4602A69A1C4A80AB00F4751A /* login_02@3x.png */ = {isa = PBXFileReference; lastKnownFileType = image.png; path = "login_02@3x.png"; sourceTree = "<group>"; };
		4602A69B1C4A80AB00F4751A /* login_03@2x.png */ = {isa = PBXFileReference; lastKnownFileType = image.png; path = "login_03@2x.png"; sourceTree = "<group>"; };
		4602A69C1C4A80AB00F4751A /* login_03@3x.png */ = {isa = PBXFileReference; lastKnownFileType = image.png; path = "login_03@3x.png"; sourceTree = "<group>"; };
		4602A69D1C4A80AB00F4751A /* login_04@2x.png */ = {isa = PBXFileReference; lastKnownFileType = image.png; path = "login_04@2x.png"; sourceTree = "<group>"; };
		4602A69E1C4A80AB00F4751A /* login_04@3x.png */ = {isa = PBXFileReference; lastKnownFileType = image.png; path = "login_04@3x.png"; sourceTree = "<group>"; };
		4602A69F1C4A80AB00F4751A /* login_09@2x.png */ = {isa = PBXFileReference; lastKnownFileType = image.png; path = "login_09@2x.png"; sourceTree = "<group>"; };
		4602A6A01C4A80AB00F4751A /* login_09@3x.png */ = {isa = PBXFileReference; lastKnownFileType = image.png; path = "login_09@3x.png"; sourceTree = "<group>"; };
		4602A6A11C4A80AB00F4751A /* login_10@2x.png */ = {isa = PBXFileReference; lastKnownFileType = image.png; path = "login_10@2x.png"; sourceTree = "<group>"; };
		4602A6A21C4A80AB00F4751A /* login_10@3x.png */ = {isa = PBXFileReference; lastKnownFileType = image.png; path = "login_10@3x.png"; sourceTree = "<group>"; };
		4602A6A31C4A80AB00F4751A /* login_11@2x.png */ = {isa = PBXFileReference; lastKnownFileType = image.png; path = "login_11@2x.png"; sourceTree = "<group>"; };
		4602A6A41C4A80AB00F4751A /* login_11@3x.png */ = {isa = PBXFileReference; lastKnownFileType = image.png; path = "login_11@3x.png"; sourceTree = "<group>"; };
		4602A6A51C4A80AB00F4751A /* login_13@2x.png */ = {isa = PBXFileReference; lastKnownFileType = image.png; path = "login_13@2x.png"; sourceTree = "<group>"; };
		4602A6A61C4A80AB00F4751A /* login_13@3x.png */ = {isa = PBXFileReference; lastKnownFileType = image.png; path = "login_13@3x.png"; sourceTree = "<group>"; };
		4602A6A71C4A80AB00F4751A /* login_14@2x.png */ = {isa = PBXFileReference; lastKnownFileType = image.png; path = "login_14@2x.png"; sourceTree = "<group>"; };
		4602A6A81C4A80AB00F4751A /* login_14@3x.png */ = {isa = PBXFileReference; lastKnownFileType = image.png; path = "login_14@3x.png"; sourceTree = "<group>"; };
		4602A6A91C4A80AB00F4751A /* login_15@2x.png */ = {isa = PBXFileReference; lastKnownFileType = image.png; path = "login_15@2x.png"; sourceTree = "<group>"; };
		4602A6AA1C4A80AB00F4751A /* login_15@3x.png */ = {isa = PBXFileReference; lastKnownFileType = image.png; path = "login_15@3x.png"; sourceTree = "<group>"; };
		4602A6AB1C4A80AB00F4751A /* login_16@2x.png */ = {isa = PBXFileReference; lastKnownFileType = image.png; path = "login_16@2x.png"; sourceTree = "<group>"; };
		4602A6AC1C4A80AB00F4751A /* login_16@3x.png */ = {isa = PBXFileReference; lastKnownFileType = image.png; path = "login_16@3x.png"; sourceTree = "<group>"; };
		4602A6AD1C4A80AB00F4751A /* login_17@2x.png */ = {isa = PBXFileReference; lastKnownFileType = image.png; path = "login_17@2x.png"; sourceTree = "<group>"; };
		4602A6AE1C4A80AB00F4751A /* login_17@3x.png */ = {isa = PBXFileReference; lastKnownFileType = image.png; path = "login_17@3x.png"; sourceTree = "<group>"; };
		4602A6AF1C4A80AB00F4751A /* login_19@2x.png */ = {isa = PBXFileReference; lastKnownFileType = image.png; path = "login_19@2x.png"; sourceTree = "<group>"; };
		4602A6B01C4A80AB00F4751A /* login_19@3x.png */ = {isa = PBXFileReference; lastKnownFileType = image.png; path = "login_19@3x.png"; sourceTree = "<group>"; };
		4602A6B11C4A80AB00F4751A /* login_19_pre@3x.png */ = {isa = PBXFileReference; lastKnownFileType = image.png; path = "login_19_pre@3x.png"; sourceTree = "<group>"; };
		4602A6B21C4A80AB00F4751A /* login_20@2x.png */ = {isa = PBXFileReference; lastKnownFileType = image.png; path = "login_20@2x.png"; sourceTree = "<group>"; };
		4602A6B31C4A80AB00F4751A /* login_20@3x.png */ = {isa = PBXFileReference; lastKnownFileType = image.png; path = "login_20@3x.png"; sourceTree = "<group>"; };
		4602A6B41C4A80AB00F4751A /* login_20_pre@2x.png */ = {isa = PBXFileReference; lastKnownFileType = image.png; path = "login_20_pre@2x.png"; sourceTree = "<group>"; };
		4602A6B51C4A80AB00F4751A /* login_20_pre@3x.png */ = {isa = PBXFileReference; lastKnownFileType = image.png; path = "login_20_pre@3x.png"; sourceTree = "<group>"; };
		4602A6D61C4A80C900F4751A /* denglu.png */ = {isa = PBXFileReference; lastKnownFileType = image.png; path = denglu.png; sourceTree = "<group>"; };
		4602A6D71C4A80C900F4751A /* zhuce.png */ = {isa = PBXFileReference; lastKnownFileType = image.png; path = zhuce.png; sourceTree = "<group>"; };
		4602A6D81C4A80C900F4751A /* logo.png */ = {isa = PBXFileReference; lastKnownFileType = image.png; path = logo.png; sourceTree = "<group>"; };
		4602A6D91C4A80C900F4751A /* Lanches.gif */ = {isa = PBXFileReference; lastKnownFileType = image.gif; path = Lanches.gif; sourceTree = "<group>"; };
		4602A6DA1C4A80C900F4751A /* Launch.png */ = {isa = PBXFileReference; lastKnownFileType = image.png; path = Launch.png; sourceTree = "<group>"; };
		4602A6DB1C4A80C900F4751A /* heart.png */ = {isa = PBXFileReference; lastKnownFileType = image.png; path = heart.png; sourceTree = "<group>"; };
		4602A6E31C4A80E800F4751A /* LoginViewController.h */ = {isa = PBXFileReference; fileEncoding = 4; lastKnownFileType = sourcecode.c.h; path = LoginViewController.h; sourceTree = "<group>"; };
		4602A6E41C4A80E800F4751A /* LoginViewController.m */ = {isa = PBXFileReference; fileEncoding = 4; lastKnownFileType = sourcecode.c.objc; path = LoginViewController.m; sourceTree = "<group>"; };
		4602A6E51C4A80E800F4751A /* DetailRegistersVC.h */ = {isa = PBXFileReference; fileEncoding = 4; lastKnownFileType = sourcecode.c.h; path = DetailRegistersVC.h; sourceTree = "<group>"; };
		4602A6E61C4A80E800F4751A /* DetailRegistersVC.m */ = {isa = PBXFileReference; fileEncoding = 4; lastKnownFileType = sourcecode.c.objc; path = DetailRegistersVC.m; sourceTree = "<group>"; };
		4602A6E71C4A80E800F4751A /* RegistersViewController.h */ = {isa = PBXFileReference; fileEncoding = 4; lastKnownFileType = sourcecode.c.h; path = RegistersViewController.h; sourceTree = "<group>"; };
		4602A6E81C4A80E800F4751A /* RegistersViewController.m */ = {isa = PBXFileReference; fileEncoding = 4; lastKnownFileType = sourcecode.c.objc; path = RegistersViewController.m; sourceTree = "<group>"; };
		462568EA1C7734130010CDA7 /* LCMainVC.h */ = {isa = PBXFileReference; fileEncoding = 4; lastKnownFileType = sourcecode.c.h; path = LCMainVC.h; sourceTree = "<group>"; };
		462568EB1C7734130010CDA7 /* LCMainVC.m */ = {isa = PBXFileReference; fileEncoding = 4; lastKnownFileType = sourcecode.c.objc; path = LCMainVC.m; sourceTree = "<group>"; };
		462568F51C7735930010CDA7 /* UIImageView+HeadView.h */ = {isa = PBXFileReference; fileEncoding = 4; lastKnownFileType = sourcecode.c.h; path = "UIImageView+HeadView.h"; sourceTree = "<group>"; };
		462568F61C7735930010CDA7 /* UIImageView+HeadView.m */ = {isa = PBXFileReference; fileEncoding = 4; lastKnownFileType = sourcecode.c.objc; path = "UIImageView+HeadView.m"; sourceTree = "<group>"; };
		46256AE21C7746760010CDA7 /* ChatListCell.h */ = {isa = PBXFileReference; fileEncoding = 4; lastKnownFileType = sourcecode.c.h; path = ChatListCell.h; sourceTree = "<group>"; };
		46256AE31C7746760010CDA7 /* ChatListCell.m */ = {isa = PBXFileReference; fileEncoding = 4; lastKnownFileType = sourcecode.c.objc; path = ChatListCell.m; sourceTree = "<group>"; };
		46256AE41C7746760010CDA7 /* ChatListViewController.h */ = {isa = PBXFileReference; fileEncoding = 4; lastKnownFileType = sourcecode.c.h; path = ChatListViewController.h; sourceTree = "<group>"; };
		46256AE51C7746760010CDA7 /* ChatListViewController.m */ = {isa = PBXFileReference; fileEncoding = 4; lastKnownFileType = sourcecode.c.objc; path = ChatListViewController.m; sourceTree = "<group>"; };
		462B2B001C4F97FD004E3B00 /* LCChatBarMoreView.h */ = {isa = PBXFileReference; fileEncoding = 4; lastKnownFileType = sourcecode.c.h; path = LCChatBarMoreView.h; sourceTree = "<group>"; };
		462B2B011C4F97FD004E3B00 /* LCChatBarMoreView.m */ = {isa = PBXFileReference; fileEncoding = 4; lastKnownFileType = sourcecode.c.objc; path = LCChatBarMoreView.m; sourceTree = "<group>"; };
		464437F61C5C95B8007F6D5C /* DXFaceView.h */ = {isa = PBXFileReference; fileEncoding = 4; lastKnownFileType = sourcecode.c.h; path = DXFaceView.h; sourceTree = "<group>"; };
		464437F71C5C95B8007F6D5C /* DXFaceView.m */ = {isa = PBXFileReference; fileEncoding = 4; lastKnownFileType = sourcecode.c.objc; path = DXFaceView.m; sourceTree = "<group>"; };
		464437FC1C5CA01E007F6D5C /* EMTextView.h */ = {isa = PBXFileReference; fileEncoding = 4; lastKnownFileType = sourcecode.c.h; path = EMTextView.h; sourceTree = "<group>"; };
		464437FD1C5CA01E007F6D5C /* EMTextView.m */ = {isa = PBXFileReference; fileEncoding = 4; lastKnownFileType = sourcecode.c.objc; path = EMTextView.m; sourceTree = "<group>"; };
		464438021C5CA057007F6D5C /* FacialView.h */ = {isa = PBXFileReference; fileEncoding = 4; lastKnownFileType = sourcecode.c.h; path = FacialView.h; sourceTree = "<group>"; };
		464438031C5CA057007F6D5C /* FacialView.m */ = {isa = PBXFileReference; fileEncoding = 4; lastKnownFileType = sourcecode.c.objc; path = FacialView.m; sourceTree = "<group>"; };
		464438051C5DDB18007F6D5C /* XHMessageTextView.h */ = {isa = PBXFileReference; fileEncoding = 4; lastKnownFileType = sourcecode.c.h; path = XHMessageTextView.h; sourceTree = "<group>"; };
		464438061C5DDB18007F6D5C /* XHMessageTextView.m */ = {isa = PBXFileReference; fileEncoding = 4; lastKnownFileType = sourcecode.c.objc; path = XHMessageTextView.m; sourceTree = "<group>"; };
		4673A4F71C7569BE0093C66C /* AppDelegate+Parse.h */ = {isa = PBXFileReference; fileEncoding = 4; lastKnownFileType = sourcecode.c.h; path = "AppDelegate+Parse.h"; sourceTree = "<group>"; };
		4673A4F81C7569BE0093C66C /* AppDelegate+Parse.m */ = {isa = PBXFileReference; fileEncoding = 4; lastKnownFileType = sourcecode.c.objc; path = "AppDelegate+Parse.m"; sourceTree = "<group>"; };
		4673A5171C75E6FA0093C66C /* AppDelegate+EaseMob.h */ = {isa = PBXFileReference; fileEncoding = 4; lastKnownFileType = sourcecode.c.h; path = "AppDelegate+EaseMob.h"; sourceTree = "<group>"; };
		4673A5181C75E6FA0093C66C /* AppDelegate+EaseMob.m */ = {isa = PBXFileReference; fileEncoding = 4; lastKnownFileType = sourcecode.c.objc; path = "AppDelegate+EaseMob.m"; sourceTree = "<group>"; };
		46871AA81C4D00C700E5A6E8 /* SQChatVC.h */ = {isa = PBXFileReference; fileEncoding = 4; lastKnownFileType = sourcecode.c.h; path = SQChatVC.h; sourceTree = "<group>"; };
		46871AA91C4D00C700E5A6E8 /* SQChatVC.m */ = {isa = PBXFileReference; fileEncoding = 4; lastKnownFileType = sourcecode.c.objc; path = SQChatVC.m; sourceTree = "<group>"; };
		46871AAC1C4D140900E5A6E8 /* LocationViewController.h */ = {isa = PBXFileReference; fileEncoding = 4; lastKnownFileType = sourcecode.c.h; path = LocationViewController.h; sourceTree = "<group>"; };
		46871AAD1C4D140900E5A6E8 /* LocationViewController.m */ = {isa = PBXFileReference; fileEncoding = 4; lastKnownFileType = sourcecode.c.objc; path = LocationViewController.m; sourceTree = "<group>"; };
		46871AAE1C4D140900E5A6E8 /* LCConvertToCommonEmoticonsHelper.h */ = {isa = PBXFileReference; fileEncoding = 4; lastKnownFileType = sourcecode.c.h; path = LCConvertToCommonEmoticonsHelper.h; sourceTree = "<group>"; };
		46871AAF1C4D140900E5A6E8 /* LCConvertToCommonEmoticonsHelper.m */ = {isa = PBXFileReference; fileEncoding = 4; lastKnownFileType = sourcecode.c.objc; path = LCConvertToCommonEmoticonsHelper.m; sourceTree = "<group>"; };
		46871AB21C4D146E00E5A6E8 /* Emoji.h */ = {isa = PBXFileReference; fileEncoding = 4; lastKnownFileType = sourcecode.c.h; path = Emoji.h; sourceTree = "<group>"; };
		46871AB31C4D146E00E5A6E8 /* Emoji.m */ = {isa = PBXFileReference; fileEncoding = 4; lastKnownFileType = sourcecode.c.objc; path = Emoji.m; sourceTree = "<group>"; };
		46871AB41C4D146E00E5A6E8 /* EmojiEmoticons.h */ = {isa = PBXFileReference; fileEncoding = 4; lastKnownFileType = sourcecode.c.h; path = EmojiEmoticons.h; sourceTree = "<group>"; };
		46871AB51C4D146E00E5A6E8 /* EmojiEmoticons.m */ = {isa = PBXFileReference; fileEncoding = 4; lastKnownFileType = sourcecode.c.objc; path = EmojiEmoticons.m; sourceTree = "<group>"; };
		46871AB91C4D158100E5A6E8 /* CoreFoundation.framework */ = {isa = PBXFileReference; lastKnownFileType = wrapper.framework; name = CoreFoundation.framework; path = System/Library/Frameworks/CoreFoundation.framework; sourceTree = SDKROOT; };
		46871ABB1C4D158900E5A6E8 /* CoreLocation.framework */ = {isa = PBXFileReference; lastKnownFileType = wrapper.framework; name = CoreLocation.framework; path = System/Library/Frameworks/CoreLocation.framework; sourceTree = SDKROOT; };
		46871ABD1C4D15A100E5A6E8 /* MapKit.framework */ = {isa = PBXFileReference; lastKnownFileType = wrapper.framework; name = MapKit.framework; path = System/Library/Frameworks/MapKit.framework; sourceTree = SDKROOT; };
		46871ABF1C4D15BA00E5A6E8 /* CFNetwork.framework */ = {isa = PBXFileReference; lastKnownFileType = wrapper.framework; name = CFNetwork.framework; path = System/Library/Frameworks/CFNetwork.framework; sourceTree = SDKROOT; };
		46871AC21C4D1B6C00E5A6E8 /* MessageReadManager.h */ = {isa = PBXFileReference; fileEncoding = 4; lastKnownFileType = sourcecode.c.h; path = MessageReadManager.h; sourceTree = "<group>"; };
		46871AC31C4D1B6C00E5A6E8 /* MessageReadManager.m */ = {isa = PBXFileReference; fileEncoding = 4; lastKnownFileType = sourcecode.c.objc; path = MessageReadManager.m; sourceTree = "<group>"; };
		46871AC41C4D1B6C00E5A6E8 /* MessageModel.h */ = {isa = PBXFileReference; fileEncoding = 4; lastKnownFileType = sourcecode.c.h; path = MessageModel.h; sourceTree = "<group>"; };
		46871AC51C4D1B6C00E5A6E8 /* MessageModel.m */ = {isa = PBXFileReference; fileEncoding = 4; lastKnownFileType = sourcecode.c.objc; path = MessageModel.m; sourceTree = "<group>"; };
		46871AC61C4D1B6C00E5A6E8 /* MessageModelManager.h */ = {isa = PBXFileReference; fileEncoding = 4; lastKnownFileType = sourcecode.c.h; path = MessageModelManager.h; sourceTree = "<group>"; };
		46871AC71C4D1B6C00E5A6E8 /* MessageModelManager.m */ = {isa = PBXFileReference; fileEncoding = 4; lastKnownFileType = sourcecode.c.objc; path = MessageModelManager.m; sourceTree = "<group>"; };
		46871ACC1C4D1B7F00E5A6E8 /* EMChatTimeCell.h */ = {isa = PBXFileReference; fileEncoding = 4; lastKnownFileType = sourcecode.c.h; path = EMChatTimeCell.h; sourceTree = "<group>"; };
		46871ACD1C4D1B7F00E5A6E8 /* EMChatTimeCell.m */ = {isa = PBXFileReference; fileEncoding = 4; lastKnownFileType = sourcecode.c.objc; path = EMChatTimeCell.m; sourceTree = "<group>"; };
		46871ACE1C4D1B7F00E5A6E8 /* EMChatViewBaseCell.h */ = {isa = PBXFileReference; fileEncoding = 4; lastKnownFileType = sourcecode.c.h; path = EMChatViewBaseCell.h; sourceTree = "<group>"; };
		46871ACF1C4D1B7F00E5A6E8 /* EMChatViewBaseCell.m */ = {isa = PBXFileReference; fileEncoding = 4; lastKnownFileType = sourcecode.c.objc; path = EMChatViewBaseCell.m; sourceTree = "<group>"; };
		46871AD01C4D1B7F00E5A6E8 /* EMChatViewCell.h */ = {isa = PBXFileReference; fileEncoding = 4; lastKnownFileType = sourcecode.c.h; path = EMChatViewCell.h; sourceTree = "<group>"; };
		46871AD11C4D1B7F00E5A6E8 /* EMChatViewCell.m */ = {isa = PBXFileReference; fileEncoding = 4; lastKnownFileType = sourcecode.c.objc; path = EMChatViewCell.m; sourceTree = "<group>"; };
		46871AD81C4D1B9300E5A6E8 /* EMChatAudioBubbleView.h */ = {isa = PBXFileReference; fileEncoding = 4; lastKnownFileType = sourcecode.c.h; path = EMChatAudioBubbleView.h; sourceTree = "<group>"; };
		46871AD91C4D1B9300E5A6E8 /* EMChatAudioBubbleView.m */ = {isa = PBXFileReference; fileEncoding = 4; lastKnownFileType = sourcecode.c.objc; path = EMChatAudioBubbleView.m; sourceTree = "<group>"; };
		46871ADA1C4D1B9300E5A6E8 /* EMChatBaseBubbleView.h */ = {isa = PBXFileReference; fileEncoding = 4; lastKnownFileType = sourcecode.c.h; path = EMChatBaseBubbleView.h; sourceTree = "<group>"; };
		46871ADB1C4D1B9300E5A6E8 /* EMChatBaseBubbleView.m */ = {isa = PBXFileReference; fileEncoding = 4; lastKnownFileType = sourcecode.c.objc; path = EMChatBaseBubbleView.m; sourceTree = "<group>"; };
		46871AE81C4D1C0300E5A6E8 /* THProgressView.h */ = {isa = PBXFileReference; fileEncoding = 4; lastKnownFileType = sourcecode.c.h; path = THProgressView.h; sourceTree = "<group>"; };
		46871AE91C4D1C0300E5A6E8 /* THProgressView.m */ = {isa = PBXFileReference; fileEncoding = 4; lastKnownFileType = sourcecode.c.objc; path = THProgressView.m; sourceTree = "<group>"; };
		46871AEB1C4D1C5A00E5A6E8 /* UIResponder+SQRouter.h */ = {isa = PBXFileReference; fileEncoding = 4; lastKnownFileType = sourcecode.c.h; path = "UIResponder+SQRouter.h"; sourceTree = "<group>"; };
		46871AEC1C4D1C5A00E5A6E8 /* UIResponder+SQRouter.m */ = {isa = PBXFileReference; fileEncoding = 4; lastKnownFileType = sourcecode.c.objc; path = "UIResponder+SQRouter.m"; sourceTree = "<group>"; };
		46871AEE1C4D239000E5A6E8 /* MobileCoreServices.framework */ = {isa = PBXFileReference; lastKnownFileType = wrapper.framework; name = MobileCoreServices.framework; path = System/Library/Frameworks/MobileCoreServices.framework; sourceTree = SDKROOT; };
		46871AF01C4D23A400E5A6E8 /* AVFoundation.framework */ = {isa = PBXFileReference; lastKnownFileType = wrapper.framework; name = AVFoundation.framework; path = System/Library/Frameworks/AVFoundation.framework; sourceTree = SDKROOT; };
		46871AF21C4D23AA00E5A6E8 /* MediaPlayer.framework */ = {isa = PBXFileReference; lastKnownFileType = wrapper.framework; name = MediaPlayer.framework; path = System/Library/Frameworks/MediaPlayer.framework; sourceTree = SDKROOT; };
		469156941C5632C100FF05FD /* SQChatVC+Category.h */ = {isa = PBXFileReference; fileEncoding = 4; lastKnownFileType = sourcecode.c.h; path = "SQChatVC+Category.h"; sourceTree = "<group>"; };
		469156951C5632C100FF05FD /* SQChatVC+Category.m */ = {isa = PBXFileReference; fileEncoding = 4; lastKnownFileType = sourcecode.c.objc; path = "SQChatVC+Category.m"; sourceTree = "<group>"; };
		46A4C1861C60763C009E0936 /* Bolts.framework */ = {isa = PBXFileReference; lastKnownFileType = wrapper.framework; path = Bolts.framework; sourceTree = "<group>"; };
		46A4C1871C60763C009E0936 /* Parse.framework */ = {isa = PBXFileReference; lastKnownFileType = wrapper.framework; path = Parse.framework; sourceTree = "<group>"; };
		46A4C18A1C6076AD009E0936 /* AudioToolbox.framework */ = {isa = PBXFileReference; lastKnownFileType = wrapper.framework; name = AudioToolbox.framework; path = System/Library/Frameworks/AudioToolbox.framework; sourceTree = SDKROOT; };
		46A4C18C1C607760009E0936 /* Accounts.framework */ = {isa = PBXFileReference; lastKnownFileType = wrapper.framework; name = Accounts.framework; path = System/Library/Frameworks/Accounts.framework; sourceTree = SDKROOT; };
		46A4C18E1C607765009E0936 /* AdSupport.framework */ = {isa = PBXFileReference; lastKnownFileType = wrapper.framework; name = AdSupport.framework; path = System/Library/Frameworks/AdSupport.framework; sourceTree = SDKROOT; };
		46A4C1901C607770009E0936 /* CoreGraphics.framework */ = {isa = PBXFileReference; lastKnownFileType = wrapper.framework; name = CoreGraphics.framework; path = System/Library/Frameworks/CoreGraphics.framework; sourceTree = SDKROOT; };
		46A4C1921C60777A009E0936 /* libsqlite3.0.tbd */ = {isa = PBXFileReference; lastKnownFileType = "sourcecode.text-based-dylib-definition"; name = libsqlite3.0.tbd; path = usr/lib/libsqlite3.0.tbd; sourceTree = SDKROOT; };
		46A4C1941C607784009E0936 /* libz.1.1.3.tbd */ = {isa = PBXFileReference; lastKnownFileType = "sourcecode.text-based-dylib-definition"; name = libz.1.1.3.tbd; path = usr/lib/libz.1.1.3.tbd; sourceTree = SDKROOT; };
		46A4C1961C607790009E0936 /* QuartzCore.framework */ = {isa = PBXFileReference; lastKnownFileType = wrapper.framework; name = QuartzCore.framework; path = System/Library/Frameworks/QuartzCore.framework; sourceTree = SDKROOT; };
		46A4C1981C607799009E0936 /* Security.framework */ = {isa = PBXFileReference; lastKnownFileType = wrapper.framework; name = Security.framework; path = System/Library/Frameworks/Security.framework; sourceTree = SDKROOT; };
		46A4C19A1C6077A0009E0936 /* Social.framework */ = {isa = PBXFileReference; lastKnownFileType = wrapper.framework; name = Social.framework; path = System/Library/Frameworks/Social.framework; sourceTree = SDKROOT; };
		46A4C19C1C6077A6009E0936 /* StoreKit.framework */ = {isa = PBXFileReference; lastKnownFileType = wrapper.framework; name = StoreKit.framework; path = System/Library/Frameworks/StoreKit.framework; sourceTree = SDKROOT; };
		46A4C19E1C6077B2009E0936 /* SystemConfiguration.framework */ = {isa = PBXFileReference; lastKnownFileType = wrapper.framework; name = SystemConfiguration.framework; path = System/Library/Frameworks/SystemConfiguration.framework; sourceTree = SDKROOT; };
		46BEB6011C52475100FA9B14 /* ChatSendHelper.h */ = {isa = PBXFileReference; fileEncoding = 4; lastKnownFileType = sourcecode.c.h; path = ChatSendHelper.h; sourceTree = "<group>"; };
		46BEB6021C52475100FA9B14 /* ChatSendHelper.m */ = {isa = PBXFileReference; fileEncoding = 4; lastKnownFileType = sourcecode.c.objc; path = ChatSendHelper.m; sourceTree = "<group>"; };
		46BEB6071C525C3500FA9B14 /* UIView+LCTextInputKeyboard.h */ = {isa = PBXFileReference; fileEncoding = 4; lastKnownFileType = sourcecode.c.h; path = "UIView+LCTextInputKeyboard.h"; sourceTree = "<group>"; };
		46BEB6081C525C3500FA9B14 /* UIView+LCTextInputKeyboard.m */ = {isa = PBXFileReference; fileEncoding = 4; lastKnownFileType = sourcecode.c.objc; path = "UIView+LCTextInputKeyboard.m"; sourceTree = "<group>"; };
		46C2111B1C58E37700134D1C /* CLMessageTooBar.h */ = {isa = PBXFileReference; fileEncoding = 4; lastKnownFileType = sourcecode.c.h; path = CLMessageTooBar.h; sourceTree = "<group>"; };
		46C2111C1C58E37700134D1C /* CLMessageTooBar.m */ = {isa = PBXFileReference; fileEncoding = 4; lastKnownFileType = sourcecode.c.objc; path = CLMessageTooBar.m; sourceTree = "<group>"; };
		46CA53741C4A727C00FE42F5 /* LoopChat.app */ = {isa = PBXFileReference; explicitFileType = wrapper.application; includeInIndex = 0; path = LoopChat.app; sourceTree = BUILT_PRODUCTS_DIR; };
		46CA53781C4A727C00FE42F5 /* main.m */ = {isa = PBXFileReference; lastKnownFileType = sourcecode.c.objc; path = main.m; sourceTree = "<group>"; };
		46CA537A1C4A727C00FE42F5 /* AppDelegate.h */ = {isa = PBXFileReference; lastKnownFileType = sourcecode.c.h; path = AppDelegate.h; sourceTree = "<group>"; };
		46CA537B1C4A727C00FE42F5 /* AppDelegate.m */ = {isa = PBXFileReference; lastKnownFileType = sourcecode.c.objc; path = AppDelegate.m; sourceTree = "<group>"; };
		46CA537D1C4A727C00FE42F5 /* ViewController.h */ = {isa = PBXFileReference; lastKnownFileType = sourcecode.c.h; path = ViewController.h; sourceTree = "<group>"; };
		46CA537E1C4A727C00FE42F5 /* ViewController.m */ = {isa = PBXFileReference; lastKnownFileType = sourcecode.c.objc; path = ViewController.m; sourceTree = "<group>"; };
		46CA53811C4A727C00FE42F5 /* Base */ = {isa = PBXFileReference; lastKnownFileType = file.storyboard; name = Base; path = Base.lproj/Main.storyboard; sourceTree = "<group>"; };
		46CA53831C4A727C00FE42F5 /* Assets.xcassets */ = {isa = PBXFileReference; lastKnownFileType = folder.assetcatalog; path = Assets.xcassets; sourceTree = "<group>"; };
		46CA53861C4A727C00FE42F5 /* Base */ = {isa = PBXFileReference; lastKnownFileType = file.storyboard; name = Base; path = Base.lproj/LaunchScreen.storyboard; sourceTree = "<group>"; };
		46CA53881C4A727C00FE42F5 /* Info.plist */ = {isa = PBXFileReference; lastKnownFileType = text.plist.xml; path = Info.plist; sourceTree = "<group>"; };
		46CA538D1C4A727C00FE42F5 /* LoopChatTests.xctest */ = {isa = PBXFileReference; explicitFileType = wrapper.cfbundle; includeInIndex = 0; path = LoopChatTests.xctest; sourceTree = BUILT_PRODUCTS_DIR; };
		46CA53911C4A727C00FE42F5 /* LoopChatTests.m */ = {isa = PBXFileReference; lastKnownFileType = sourcecode.c.objc; path = LoopChatTests.m; sourceTree = "<group>"; };
		46CA53931C4A727C00FE42F5 /* Info.plist */ = {isa = PBXFileReference; lastKnownFileType = text.plist.xml; path = Info.plist; sourceTree = "<group>"; };
		46CA53981C4A727C00FE42F5 /* LoopChatUITests.xctest */ = {isa = PBXFileReference; explicitFileType = wrapper.cfbundle; includeInIndex = 0; path = LoopChatUITests.xctest; sourceTree = BUILT_PRODUCTS_DIR; };
		46CA539C1C4A727C00FE42F5 /* LoopChatUITests.m */ = {isa = PBXFileReference; lastKnownFileType = sourcecode.c.objc; path = LoopChatUITests.m; sourceTree = "<group>"; };
		46CA539E1C4A727C00FE42F5 /* Info.plist */ = {isa = PBXFileReference; lastKnownFileType = text.plist.xml; path = Info.plist; sourceTree = "<group>"; };
		46CA53AA1C4A72AF00FE42F5 /* Main_PrefixHeader.pch */ = {isa = PBXFileReference; fileEncoding = 4; lastKnownFileType = sourcecode.c.h; path = Main_PrefixHeader.pch; sourceTree = "<group>"; };
		46DA57151C5F6A7A006316D5 /* LCUserProfileManage.h */ = {isa = PBXFileReference; fileEncoding = 4; lastKnownFileType = sourcecode.c.h; path = LCUserProfileManage.h; sourceTree = "<group>"; };
		46DA57161C5F6A7A006316D5 /* LCUserProfileManage.m */ = {isa = PBXFileReference; fileEncoding = 4; lastKnownFileType = sourcecode.c.objc; path = LCUserProfileManage.m; sourceTree = "<group>"; };
		9387F30B934A1A576DB683B0 /* libPods.a */ = {isa = PBXFileReference; explicitFileType = archive.ar; includeInIndex = 0; path = libPods.a; sourceTree = BUILT_PRODUCTS_DIR; };
		9F511D8D7410DDC85CAF2175 /* Pods.release.xcconfig */ = {isa = PBXFileReference; includeInIndex = 1; lastKnownFileType = text.xcconfig; name = Pods.release.xcconfig; path = "Pods/Target Support Files/Pods/Pods.release.xcconfig"; sourceTree = "<group>"; };
		B0D4FCF70C396BCE686D0641 /* Pods.debug.xcconfig */ = {isa = PBXFileReference; includeInIndex = 1; lastKnownFileType = text.xcconfig; name = Pods.debug.xcconfig; path = "Pods/Target Support Files/Pods/Pods.debug.xcconfig"; sourceTree = "<group>"; };
/* End PBXFileReference section */

/* Begin PBXFrameworksBuildPhase section */
		46CA53711C4A727C00FE42F5 /* Frameworks */ = {
			isa = PBXFrameworksBuildPhase;
			buildActionMask = 2147483647;
			files = (
				46A4C19F1C6077B2009E0936 /* SystemConfiguration.framework in Frameworks */,
				46A4C19D1C6077A6009E0936 /* StoreKit.framework in Frameworks */,
				46A4C19B1C6077A0009E0936 /* Social.framework in Frameworks */,
				46A4C1991C607799009E0936 /* Security.framework in Frameworks */,
				46A4C1971C607790009E0936 /* QuartzCore.framework in Frameworks */,
				46871AEF1C4D239000E5A6E8 /* MobileCoreServices.framework in Frameworks */,
				46A4C1951C607784009E0936 /* libz.1.1.3.tbd in Frameworks */,
				46A4C1931C60777A009E0936 /* libsqlite3.0.tbd in Frameworks */,
				46871ABC1C4D158900E5A6E8 /* CoreLocation.framework in Frameworks */,
				46A4C1911C607770009E0936 /* CoreGraphics.framework in Frameworks */,
				46871AC01C4D15BA00E5A6E8 /* CFNetwork.framework in Frameworks */,
				46A4C18F1C607765009E0936 /* AdSupport.framework in Frameworks */,
				46A4C18D1C607760009E0936 /* Accounts.framework in Frameworks */,
				46A4C18B1C6076AD009E0936 /* AudioToolbox.framework in Frameworks */,
				46871AF31C4D23AA00E5A6E8 /* MediaPlayer.framework in Frameworks */,
				46871AF11C4D23A400E5A6E8 /* AVFoundation.framework in Frameworks */,
				46A4C1891C60763C009E0936 /* Parse.framework in Frameworks */,
				46871ABE1C4D15A100E5A6E8 /* MapKit.framework in Frameworks */,
				46A4C1881C60763C009E0936 /* Bolts.framework in Frameworks */,
				46871ABA1C4D158100E5A6E8 /* CoreFoundation.framework in Frameworks */,
				1ABF1DCA9E18D5DCEE186BCB /* libPods.a in Frameworks */,
			);
			runOnlyForDeploymentPostprocessing = 0;
		};
		46CA538A1C4A727C00FE42F5 /* Frameworks */ = {
			isa = PBXFrameworksBuildPhase;
			buildActionMask = 2147483647;
			files = (
			);
			runOnlyForDeploymentPostprocessing = 0;
		};
		46CA53951C4A727C00FE42F5 /* Frameworks */ = {
			isa = PBXFrameworksBuildPhase;
			buildActionMask = 2147483647;
			files = (
			);
			runOnlyForDeploymentPostprocessing = 0;
		};
/* End PBXFrameworksBuildPhase section */

/* Begin PBXGroup section */
		0B0CA80C2CD3FC41D7B43C61 /* Pods */ = {
			isa = PBXGroup;
			children = (
				B0D4FCF70C396BCE686D0641 /* Pods.debug.xcconfig */,
				9F511D8D7410DDC85CAF2175 /* Pods.release.xcconfig */,
			);
			name = Pods;
			sourceTree = "<group>";
		};
		4602A6951C4A809200F4751A /* image */ = {
			isa = PBXGroup;
			children = (
				4602A6961C4A80AB00F4751A /* login */,
			);
			name = image;
			sourceTree = "<group>";
		};
		4602A6961C4A80AB00F4751A /* login */ = {
			isa = PBXGroup;
			children = (
				4602A6D61C4A80C900F4751A /* denglu.png */,
				4602A6D71C4A80C900F4751A /* zhuce.png */,
				4602A6D81C4A80C900F4751A /* logo.png */,
				4602A6D91C4A80C900F4751A /* Lanches.gif */,
				4602A6DA1C4A80C900F4751A /* Launch.png */,
				4602A6DB1C4A80C900F4751A /* heart.png */,
				4602A6971C4A80AB00F4751A /* login_01@2x.png */,
				4602A6981C4A80AB00F4751A /* login_01@3x.png */,
				4602A6991C4A80AB00F4751A /* login_02@2x.png */,
				4602A69A1C4A80AB00F4751A /* login_02@3x.png */,
				4602A69B1C4A80AB00F4751A /* login_03@2x.png */,
				4602A69C1C4A80AB00F4751A /* login_03@3x.png */,
				4602A69D1C4A80AB00F4751A /* login_04@2x.png */,
				4602A69E1C4A80AB00F4751A /* login_04@3x.png */,
				4602A69F1C4A80AB00F4751A /* login_09@2x.png */,
				4602A6A01C4A80AB00F4751A /* login_09@3x.png */,
				4602A6A11C4A80AB00F4751A /* login_10@2x.png */,
				4602A6A21C4A80AB00F4751A /* login_10@3x.png */,
				4602A6A31C4A80AB00F4751A /* login_11@2x.png */,
				4602A6A41C4A80AB00F4751A /* login_11@3x.png */,
				4602A6A51C4A80AB00F4751A /* login_13@2x.png */,
				4602A6A61C4A80AB00F4751A /* login_13@3x.png */,
				4602A6A71C4A80AB00F4751A /* login_14@2x.png */,
				4602A6A81C4A80AB00F4751A /* login_14@3x.png */,
				4602A6A91C4A80AB00F4751A /* login_15@2x.png */,
				4602A6AA1C4A80AB00F4751A /* login_15@3x.png */,
				4602A6AB1C4A80AB00F4751A /* login_16@2x.png */,
				4602A6AC1C4A80AB00F4751A /* login_16@3x.png */,
				4602A6AD1C4A80AB00F4751A /* login_17@2x.png */,
				4602A6AE1C4A80AB00F4751A /* login_17@3x.png */,
				4602A6AF1C4A80AB00F4751A /* login_19@2x.png */,
				4602A6B01C4A80AB00F4751A /* login_19@3x.png */,
				4602A6B11C4A80AB00F4751A /* login_19_pre@3x.png */,
				4602A6B21C4A80AB00F4751A /* login_20@2x.png */,
				4602A6B31C4A80AB00F4751A /* login_20@3x.png */,
				4602A6B41C4A80AB00F4751A /* login_20_pre@2x.png */,
				4602A6B51C4A80AB00F4751A /* login_20_pre@3x.png */,
			);
			path = login;
			sourceTree = "<group>";
		};
		462568ED1C77351C0010CDA7 /* ChatList */ = {
			isa = PBXGroup;
			children = (
				46256AE21C7746760010CDA7 /* ChatListCell.h */,
				46256AE31C7746760010CDA7 /* ChatListCell.m */,
				46256AE41C7746760010CDA7 /* ChatListViewController.h */,
				46256AE51C7746760010CDA7 /* ChatListViewController.m */,
			);
			name = ChatList;
			sourceTree = "<group>";
		};
		462568F41C7735630010CDA7 /* Category */ = {
			isa = PBXGroup;
			children = (
				462568F51C7735930010CDA7 /* UIImageView+HeadView.h */,
				462568F61C7735930010CDA7 /* UIImageView+HeadView.m */,
			);
			name = Category;
			sourceTree = "<group>";
		};
		46871AAB1C4D13FB00E5A6E8 /* ChatView */ = {
			isa = PBXGroup;
			children = (
				462568ED1C77351C0010CDA7 /* ChatList */,
				46C211251C59EF6E00134D1C /* ChatVC */,
				46C211241C59EF5700134D1C /* Login */,
				46871AB81C4D147100E5A6E8 /* Emoji */,
				46871AC11C4D1B5800E5A6E8 /* MessageView */,
			);
			name = ChatView;
			sourceTree = "<group>";
		};
		46871AB81C4D147100E5A6E8 /* Emoji */ = {
			isa = PBXGroup;
			children = (
				46871AB21C4D146E00E5A6E8 /* Emoji.h */,
				46871AB31C4D146E00E5A6E8 /* Emoji.m */,
				46871AB41C4D146E00E5A6E8 /* EmojiEmoticons.h */,
				46871AB51C4D146E00E5A6E8 /* EmojiEmoticons.m */,
				46871AAE1C4D140900E5A6E8 /* LCConvertToCommonEmoticonsHelper.h */,
				46871AAF1C4D140900E5A6E8 /* LCConvertToCommonEmoticonsHelper.m */,
			);
			name = Emoji;
			sourceTree = "<group>";
		};
		46871AC11C4D1B5800E5A6E8 /* MessageView */ = {
			isa = PBXGroup;
			children = (
				46871ACB1C4D1B7100E5A6E8 /* ChatCell */,
				46871AC21C4D1B6C00E5A6E8 /* MessageReadManager.h */,
				46871AC31C4D1B6C00E5A6E8 /* MessageReadManager.m */,
				46871AC41C4D1B6C00E5A6E8 /* MessageModel.h */,
				46871AC51C4D1B6C00E5A6E8 /* MessageModel.m */,
				46871AC61C4D1B6C00E5A6E8 /* MessageModelManager.h */,
				46871AC71C4D1B6C00E5A6E8 /* MessageModelManager.m */,
				469156941C5632C100FF05FD /* SQChatVC+Category.h */,
				469156951C5632C100FF05FD /* SQChatVC+Category.m */,
			);
			name = MessageView;
			sourceTree = "<group>";
		};
		46871ACB1C4D1B7100E5A6E8 /* ChatCell */ = {
			isa = PBXGroup;
			children = (
				46871AD51C4D1B8200E5A6E8 /* CellBubble */,
				46871ACC1C4D1B7F00E5A6E8 /* EMChatTimeCell.h */,
				46871ACD1C4D1B7F00E5A6E8 /* EMChatTimeCell.m */,
				46871ACE1C4D1B7F00E5A6E8 /* EMChatViewBaseCell.h */,
				46871ACF1C4D1B7F00E5A6E8 /* EMChatViewBaseCell.m */,
				46871AD01C4D1B7F00E5A6E8 /* EMChatViewCell.h */,
				46871AD11C4D1B7F00E5A6E8 /* EMChatViewCell.m */,
				46BEB6071C525C3500FA9B14 /* UIView+LCTextInputKeyboard.h */,
				46BEB6081C525C3500FA9B14 /* UIView+LCTextInputKeyboard.m */,
			);
			name = ChatCell;
			sourceTree = "<group>";
		};
		46871AD51C4D1B8200E5A6E8 /* CellBubble */ = {
			isa = PBXGroup;
			children = (
				46871AEB1C4D1C5A00E5A6E8 /* UIResponder+SQRouter.h */,
				46871AEC1C4D1C5A00E5A6E8 /* UIResponder+SQRouter.m */,
				46871AE81C4D1C0300E5A6E8 /* THProgressView.h */,
				46871AE91C4D1C0300E5A6E8 /* THProgressView.m */,
				46871AD81C4D1B9300E5A6E8 /* EMChatAudioBubbleView.h */,
				46871AD91C4D1B9300E5A6E8 /* EMChatAudioBubbleView.m */,
				46871ADA1C4D1B9300E5A6E8 /* EMChatBaseBubbleView.h */,
				46871ADB1C4D1B9300E5A6E8 /* EMChatBaseBubbleView.m */,
			);
			name = CellBubble;
			sourceTree = "<group>";
		};
		46A4C1851C60763C009E0936 /* Parse */ = {
			isa = PBXGroup;
			children = (
				46A4C1861C60763C009E0936 /* Bolts.framework */,
				46A4C1871C60763C009E0936 /* Parse.framework */,
			);
			path = Parse;
			sourceTree = "<group>";
		};
		46C211241C59EF5700134D1C /* Login */ = {
			isa = PBXGroup;
			children = (
				4602A6E31C4A80E800F4751A /* LoginViewController.h */,
				4602A6E41C4A80E800F4751A /* LoginViewController.m */,
				4602A6E51C4A80E800F4751A /* DetailRegistersVC.h */,
				4602A6E61C4A80E800F4751A /* DetailRegistersVC.m */,
				4602A6E71C4A80E800F4751A /* RegistersViewController.h */,
				4602A6E81C4A80E800F4751A /* RegistersViewController.m */,
			);
			name = Login;
			sourceTree = "<group>";
		};
		46C211251C59EF6E00134D1C /* ChatVC */ = {
			isa = PBXGroup;
			children = (
				464438051C5DDB18007F6D5C /* XHMessageTextView.h */,
				464438061C5DDB18007F6D5C /* XHMessageTextView.m */,
				464438021C5CA057007F6D5C /* FacialView.h */,
				464438031C5CA057007F6D5C /* FacialView.m */,
				464437FC1C5CA01E007F6D5C /* EMTextView.h */,
				464437FD1C5CA01E007F6D5C /* EMTextView.m */,
				464437F61C5C95B8007F6D5C /* DXFaceView.h */,
				464437F71C5C95B8007F6D5C /* DXFaceView.m */,
				46871AA81C4D00C700E5A6E8 /* SQChatVC.h */,
				46871AA91C4D00C700E5A6E8 /* SQChatVC.m */,
				46DA57151C5F6A7A006316D5 /* LCUserProfileManage.h */,
				46DA57161C5F6A7A006316D5 /* LCUserProfileManage.m */,
				46C2111B1C58E37700134D1C /* CLMessageTooBar.h */,
				46C2111C1C58E37700134D1C /* CLMessageTooBar.m */,
				46BEB6011C52475100FA9B14 /* ChatSendHelper.h */,
				46BEB6021C52475100FA9B14 /* ChatSendHelper.m */,
				46871AAC1C4D140900E5A6E8 /* LocationViewController.h */,
				46871AAD1C4D140900E5A6E8 /* LocationViewController.m */,
				462B2B001C4F97FD004E3B00 /* LCChatBarMoreView.h */,
				462B2B011C4F97FD004E3B00 /* LCChatBarMoreView.m */,
			);
			name = ChatVC;
			sourceTree = "<group>";
		};
		46CA536B1C4A727C00FE42F5 = {
			isa = PBXGroup;
			children = (
				46CA53AA1C4A72AF00FE42F5 /* Main_PrefixHeader.pch */,
				46CA53761C4A727C00FE42F5 /* LoopChat */,
				46CA53901C4A727C00FE42F5 /* LoopChatTests */,
				46CA539B1C4A727C00FE42F5 /* LoopChatUITests */,
				46CA53751C4A727C00FE42F5 /* Products */,
				0B0CA80C2CD3FC41D7B43C61 /* Pods */,
				D67905870C81B787A3C11925 /* Frameworks */,
			);
			sourceTree = "<group>";
		};
		46CA53751C4A727C00FE42F5 /* Products */ = {
			isa = PBXGroup;
			children = (
				46CA53741C4A727C00FE42F5 /* LoopChat.app */,
				46CA538D1C4A727C00FE42F5 /* LoopChatTests.xctest */,
				46CA53981C4A727C00FE42F5 /* LoopChatUITests.xctest */,
			);
			name = Products;
			sourceTree = "<group>";
		};
		46CA53761C4A727C00FE42F5 /* LoopChat */ = {
			isa = PBXGroup;
			children = (
				46871AAB1C4D13FB00E5A6E8 /* ChatView */,
				46CA53801C4A727C00FE42F5 /* Main.storyboard */,
				46CA53831C4A727C00FE42F5 /* Assets.xcassets */,
				46CA53851C4A727C00FE42F5 /* LaunchScreen.storyboard */,
				46CA53881C4A727C00FE42F5 /* Info.plist */,
				46CA53771C4A727C00FE42F5 /* Supporting Files */,
				4602A6951C4A809200F4751A /* image */,
				462568F41C7735630010CDA7 /* Category */,
			);
			path = LoopChat;
			sourceTree = "<group>";
		};
		46CA53771C4A727C00FE42F5 /* Supporting Files */ = {
			isa = PBXGroup;
			children = (
				46CA537A1C4A727C00FE42F5 /* AppDelegate.h */,
				46CA537B1C4A727C00FE42F5 /* AppDelegate.m */,
				46CA537D1C4A727C00FE42F5 /* ViewController.h */,
				46CA537E1C4A727C00FE42F5 /* ViewController.m */,
				4673A5171C75E6FA0093C66C /* AppDelegate+EaseMob.h */,
				4673A5181C75E6FA0093C66C /* AppDelegate+EaseMob.m */,
				4673A4F71C7569BE0093C66C /* AppDelegate+Parse.h */,
				4673A4F81C7569BE0093C66C /* AppDelegate+Parse.m */,
				46CA53781C4A727C00FE42F5 /* main.m */,
				462568EA1C7734130010CDA7 /* LCMainVC.h */,
				462568EB1C7734130010CDA7 /* LCMainVC.m */,
			);
			name = "Supporting Files";
			sourceTree = "<group>";
		};
		46CA53901C4A727C00FE42F5 /* LoopChatTests */ = {
			isa = PBXGroup;
			children = (
				46CA53911C4A727C00FE42F5 /* LoopChatTests.m */,
				46CA53931C4A727C00FE42F5 /* Info.plist */,
			);
			path = LoopChatTests;
			sourceTree = "<group>";
		};
		46CA539B1C4A727C00FE42F5 /* LoopChatUITests */ = {
			isa = PBXGroup;
			children = (
				46CA539C1C4A727C00FE42F5 /* LoopChatUITests.m */,
				46CA539E1C4A727C00FE42F5 /* Info.plist */,
			);
			path = LoopChatUITests;
			sourceTree = "<group>";
		};
		D67905870C81B787A3C11925 /* Frameworks */ = {
			isa = PBXGroup;
			children = (
				46A4C19E1C6077B2009E0936 /* SystemConfiguration.framework */,
				46A4C19C1C6077A6009E0936 /* StoreKit.framework */,
				46A4C19A1C6077A0009E0936 /* Social.framework */,
				46A4C1981C607799009E0936 /* Security.framework */,
				46A4C1961C607790009E0936 /* QuartzCore.framework */,
				46A4C1941C607784009E0936 /* libz.1.1.3.tbd */,
				46A4C1921C60777A009E0936 /* libsqlite3.0.tbd */,
				46A4C1901C607770009E0936 /* CoreGraphics.framework */,
				46A4C18E1C607765009E0936 /* AdSupport.framework */,
				46A4C18C1C607760009E0936 /* Accounts.framework */,
				46A4C18A1C6076AD009E0936 /* AudioToolbox.framework */,
				46A4C1851C60763C009E0936 /* Parse */,
				46871AF21C4D23AA00E5A6E8 /* MediaPlayer.framework */,
				46871AF01C4D23A400E5A6E8 /* AVFoundation.framework */,
				46871AEE1C4D239000E5A6E8 /* MobileCoreServices.framework */,
				46871ABF1C4D15BA00E5A6E8 /* CFNetwork.framework */,
				46871ABD1C4D15A100E5A6E8 /* MapKit.framework */,
				46871ABB1C4D158900E5A6E8 /* CoreLocation.framework */,
				46871AB91C4D158100E5A6E8 /* CoreFoundation.framework */,
				9387F30B934A1A576DB683B0 /* libPods.a */,
			);
			name = Frameworks;
			sourceTree = "<group>";
		};
/* End PBXGroup section */

/* Begin PBXNativeTarget section */
		46CA53731C4A727C00FE42F5 /* LoopChat */ = {
			isa = PBXNativeTarget;
			buildConfigurationList = 46CA53A11C4A727C00FE42F5 /* Build configuration list for PBXNativeTarget "LoopChat" */;
			buildPhases = (
				D4F5A0DB65B43E48FF84F517 /* Check Pods Manifest.lock */,
				46CA53701C4A727C00FE42F5 /* Sources */,
				46CA53711C4A727C00FE42F5 /* Frameworks */,
				46CA53721C4A727C00FE42F5 /* Resources */,
				02BC44AFBF693405EF626DDC /* Copy Pods Resources */,
			);
			buildRules = (
			);
			dependencies = (
			);
			name = LoopChat;
			productName = LoopChat;
			productReference = 46CA53741C4A727C00FE42F5 /* LoopChat.app */;
			productType = "com.apple.product-type.application";
		};
		46CA538C1C4A727C00FE42F5 /* LoopChatTests */ = {
			isa = PBXNativeTarget;
			buildConfigurationList = 46CA53A41C4A727C00FE42F5 /* Build configuration list for PBXNativeTarget "LoopChatTests" */;
			buildPhases = (
				46CA53891C4A727C00FE42F5 /* Sources */,
				46CA538A1C4A727C00FE42F5 /* Frameworks */,
				46CA538B1C4A727C00FE42F5 /* Resources */,
			);
			buildRules = (
			);
			dependencies = (
				46CA538F1C4A727C00FE42F5 /* PBXTargetDependency */,
			);
			name = LoopChatTests;
			productName = LoopChatTests;
			productReference = 46CA538D1C4A727C00FE42F5 /* LoopChatTests.xctest */;
			productType = "com.apple.product-type.bundle.unit-test";
		};
		46CA53971C4A727C00FE42F5 /* LoopChatUITests */ = {
			isa = PBXNativeTarget;
			buildConfigurationList = 46CA53A71C4A727C00FE42F5 /* Build configuration list for PBXNativeTarget "LoopChatUITests" */;
			buildPhases = (
				46CA53941C4A727C00FE42F5 /* Sources */,
				46CA53951C4A727C00FE42F5 /* Frameworks */,
				46CA53961C4A727C00FE42F5 /* Resources */,
			);
			buildRules = (
			);
			dependencies = (
				46CA539A1C4A727C00FE42F5 /* PBXTargetDependency */,
			);
			name = LoopChatUITests;
			productName = LoopChatUITests;
			productReference = 46CA53981C4A727C00FE42F5 /* LoopChatUITests.xctest */;
			productType = "com.apple.product-type.bundle.ui-testing";
		};
/* End PBXNativeTarget section */

/* Begin PBXProject section */
		46CA536C1C4A727C00FE42F5 /* Project object */ = {
			isa = PBXProject;
			attributes = {
				LastUpgradeCheck = 0720;
				ORGANIZATIONNAME = XinJinquan;
				TargetAttributes = {
					46CA53731C4A727C00FE42F5 = {
						CreatedOnToolsVersion = 7.2;
					};
					46CA538C1C4A727C00FE42F5 = {
						CreatedOnToolsVersion = 7.2;
						TestTargetID = 46CA53731C4A727C00FE42F5;
					};
					46CA53971C4A727C00FE42F5 = {
						CreatedOnToolsVersion = 7.2;
						TestTargetID = 46CA53731C4A727C00FE42F5;
					};
				};
			};
			buildConfigurationList = 46CA536F1C4A727C00FE42F5 /* Build configuration list for PBXProject "LoopChat" */;
			compatibilityVersion = "Xcode 3.2";
			developmentRegion = English;
			hasScannedForEncodings = 0;
			knownRegions = (
				en,
				Base,
			);
			mainGroup = 46CA536B1C4A727C00FE42F5;
			productRefGroup = 46CA53751C4A727C00FE42F5 /* Products */;
			projectDirPath = "";
			projectRoot = "";
			targets = (
				46CA53731C4A727C00FE42F5 /* LoopChat */,
				46CA538C1C4A727C00FE42F5 /* LoopChatTests */,
				46CA53971C4A727C00FE42F5 /* LoopChatUITests */,
			);
		};
/* End PBXProject section */

/* Begin PBXResourcesBuildPhase section */
		46CA53721C4A727C00FE42F5 /* Resources */ = {
			isa = PBXResourcesBuildPhase;
			buildActionMask = 2147483647;
			files = (
				4602A6DD1C4A80C900F4751A /* denglu.png in Resources */,
				4602A6BC1C4A80AB00F4751A /* login_04@2x.png in Resources */,
				4602A6D41C4A80AB00F4751A /* login_20_pre@3x.png in Resources */,
				4602A6E01C4A80C900F4751A /* Lanches.gif in Resources */,
				4602A6D01C4A80AB00F4751A /* login_19_pre@3x.png in Resources */,
				4602A6DE1C4A80C900F4751A /* zhuce.png in Resources */,
				46CA53871C4A727C00FE42F5 /* LaunchScreen.storyboard in Resources */,
				4602A6CD1C4A80AB00F4751A /* login_17@3x.png in Resources */,
				4602A6C51C4A80AB00F4751A /* login_13@3x.png in Resources */,
				4602A6B61C4A80AB00F4751A /* login_01@2x.png in Resources */,
				4602A6BB1C4A80AB00F4751A /* login_03@3x.png in Resources */,
				4602A6D21C4A80AB00F4751A /* login_20@3x.png in Resources */,
				4602A6DF1C4A80C900F4751A /* logo.png in Resources */,
				4602A6C41C4A80AB00F4751A /* login_13@2x.png in Resources */,
				4602A6CB1C4A80AB00F4751A /* login_16@3x.png in Resources */,
				46CA53841C4A727C00FE42F5 /* Assets.xcassets in Resources */,
				4602A6BF1C4A80AB00F4751A /* login_09@3x.png in Resources */,
				4602A6C21C4A80AB00F4751A /* login_11@2x.png in Resources */,
				4602A6BE1C4A80AB00F4751A /* login_09@2x.png in Resources */,
				4602A6D11C4A80AB00F4751A /* login_20@2x.png in Resources */,
				4602A6C81C4A80AB00F4751A /* login_15@2x.png in Resources */,
				4602A6C01C4A80AB00F4751A /* login_10@2x.png in Resources */,
				4602A6CE1C4A80AB00F4751A /* login_19@2x.png in Resources */,
				4602A6E21C4A80C900F4751A /* heart.png in Resources */,
				4602A6E11C4A80C900F4751A /* Launch.png in Resources */,
				4602A6B91C4A80AB00F4751A /* login_02@3x.png in Resources */,
				4602A6CC1C4A80AB00F4751A /* login_17@2x.png in Resources */,
				4602A6BD1C4A80AB00F4751A /* login_04@3x.png in Resources */,
				46CA53821C4A727C00FE42F5 /* Main.storyboard in Resources */,
				4602A6C91C4A80AB00F4751A /* login_15@3x.png in Resources */,
				4602A6D31C4A80AB00F4751A /* login_20_pre@2x.png in Resources */,
				4602A6B81C4A80AB00F4751A /* login_02@2x.png in Resources */,
				4602A6C31C4A80AB00F4751A /* login_11@3x.png in Resources */,
				4602A6B71C4A80AB00F4751A /* login_01@3x.png in Resources */,
				4602A6CA1C4A80AB00F4751A /* login_16@2x.png in Resources */,
				4602A6CF1C4A80AB00F4751A /* login_19@3x.png in Resources */,
				4602A6C61C4A80AB00F4751A /* login_14@2x.png in Resources */,
				4602A6C11C4A80AB00F4751A /* login_10@3x.png in Resources */,
				4602A6BA1C4A80AB00F4751A /* login_03@2x.png in Resources */,
				4602A6C71C4A80AB00F4751A /* login_14@3x.png in Resources */,
			);
			runOnlyForDeploymentPostprocessing = 0;
		};
		46CA538B1C4A727C00FE42F5 /* Resources */ = {
			isa = PBXResourcesBuildPhase;
			buildActionMask = 2147483647;
			files = (
			);
			runOnlyForDeploymentPostprocessing = 0;
		};
		46CA53961C4A727C00FE42F5 /* Resources */ = {
			isa = PBXResourcesBuildPhase;
			buildActionMask = 2147483647;
			files = (
			);
			runOnlyForDeploymentPostprocessing = 0;
		};
/* End PBXResourcesBuildPhase section */

/* Begin PBXShellScriptBuildPhase section */
		02BC44AFBF693405EF626DDC /* Copy Pods Resources */ = {
			isa = PBXShellScriptBuildPhase;
			buildActionMask = 2147483647;
			files = (
			);
			inputPaths = (
			);
			name = "Copy Pods Resources";
			outputPaths = (
			);
			runOnlyForDeploymentPostprocessing = 0;
			shellPath = /bin/sh;
			shellScript = "\"${SRCROOT}/Pods/Target Support Files/Pods/Pods-resources.sh\"\n";
			showEnvVarsInLog = 0;
		};
		D4F5A0DB65B43E48FF84F517 /* Check Pods Manifest.lock */ = {
			isa = PBXShellScriptBuildPhase;
			buildActionMask = 2147483647;
			files = (
			);
			inputPaths = (
			);
			name = "Check Pods Manifest.lock";
			outputPaths = (
			);
			runOnlyForDeploymentPostprocessing = 0;
			shellPath = /bin/sh;
			shellScript = "diff \"${PODS_ROOT}/../Podfile.lock\" \"${PODS_ROOT}/Manifest.lock\" > /dev/null\nif [[ $? != 0 ]] ; then\n    cat << EOM\nerror: The sandbox is not in sync with the Podfile.lock. Run 'pod install' or update your CocoaPods installation.\nEOM\n    exit 1\nfi\n";
			showEnvVarsInLog = 0;
		};
/* End PBXShellScriptBuildPhase section */

/* Begin PBXSourcesBuildPhase section */
		46CA53701C4A727C00FE42F5 /* Sources */ = {
			isa = PBXSourcesBuildPhase;
			buildActionMask = 2147483647;
			files = (
				4602A6E91C4A80E800F4751A /* LoginViewController.m in Sources */,
				464437FA1C5C95B8007F6D5C /* DXFaceView.m in Sources */,
				464438041C5CA057007F6D5C /* FacialView.m in Sources */,
				46CA537F1C4A727C00FE42F5 /* ViewController.m in Sources */,
				464438001C5CA01E007F6D5C /* EMTextView.m in Sources */,
				462568F71C7735930010CDA7 /* UIImageView+HeadView.m in Sources */,
				46871AD21C4D1B7F00E5A6E8 /* EMChatTimeCell.m in Sources */,
				46256AE71C7746760010CDA7 /* ChatListViewController.m in Sources */,
				46CA537C1C4A727C00FE42F5 /* AppDelegate.m in Sources */,
				46871AB11C4D140900E5A6E8 /* LCConvertToCommonEmoticonsHelper.m in Sources */,
				46871AB01C4D140900E5A6E8 /* LocationViewController.m in Sources */,
				46871AEA1C4D1C0300E5A6E8 /* THProgressView.m in Sources */,
				462568EC1C7734130010CDA7 /* LCMainVC.m in Sources */,
				46871AAA1C4D00C700E5A6E8 /* SQChatVC.m in Sources */,
				46871AE31C4D1B9300E5A6E8 /* EMChatAudioBubbleView.m in Sources */,
				46871AD41C4D1B7F00E5A6E8 /* EMChatViewCell.m in Sources */,
				46871AD31C4D1B7F00E5A6E8 /* EMChatViewBaseCell.m in Sources */,
				469156961C5632C100FF05FD /* SQChatVC+Category.m in Sources */,
				464438071C5DDB18007F6D5C /* XHMessageTextView.m in Sources */,
				4673A4F91C7569BE0093C66C /* AppDelegate+Parse.m in Sources */,
				462B2B021C4F97FD004E3B00 /* LCChatBarMoreView.m in Sources */,
				46DA57171C5F6A7A006316D5 /* LCUserProfileManage.m in Sources */,
				46871AB61C4D146E00E5A6E8 /* Emoji.m in Sources */,
				46BEB6091C525C3500FA9B14 /* UIView+LCTextInputKeyboard.m in Sources */,
				46C2111D1C58E37700134D1C /* CLMessageTooBar.m in Sources */,
				4673A5191C75E6FA0093C66C /* AppDelegate+EaseMob.m in Sources */,
				46871AC81C4D1B6C00E5A6E8 /* MessageReadManager.m in Sources */,
				46871AC91C4D1B6C00E5A6E8 /* MessageModel.m in Sources */,
				46871ACA1C4D1B6C00E5A6E8 /* MessageModelManager.m in Sources */,
				46256AE61C7746760010CDA7 /* ChatListCell.m in Sources */,
				4602A6EA1C4A80E800F4751A /* DetailRegistersVC.m in Sources */,
				46CA53791C4A727C00FE42F5 /* main.m in Sources */,
				46871AE41C4D1B9300E5A6E8 /* EMChatBaseBubbleView.m in Sources */,
				4602A6EB1C4A80E800F4751A /* RegistersViewController.m in Sources */,
				46871AED1C4D1C5A00E5A6E8 /* UIResponder+SQRouter.m in Sources */,
				46871AB71C4D146E00E5A6E8 /* EmojiEmoticons.m in Sources */,
				46BEB6031C52475100FA9B14 /* ChatSendHelper.m in Sources */,
			);
			runOnlyForDeploymentPostprocessing = 0;
		};
		46CA53891C4A727C00FE42F5 /* Sources */ = {
			isa = PBXSourcesBuildPhase;
			buildActionMask = 2147483647;
			files = (
				46CA53921C4A727C00FE42F5 /* LoopChatTests.m in Sources */,
			);
			runOnlyForDeploymentPostprocessing = 0;
		};
		46CA53941C4A727C00FE42F5 /* Sources */ = {
			isa = PBXSourcesBuildPhase;
			buildActionMask = 2147483647;
			files = (
				46CA539D1C4A727C00FE42F5 /* LoopChatUITests.m in Sources */,
			);
			runOnlyForDeploymentPostprocessing = 0;
		};
/* End PBXSourcesBuildPhase section */

/* Begin PBXTargetDependency section */
		46CA538F1C4A727C00FE42F5 /* PBXTargetDependency */ = {
			isa = PBXTargetDependency;
			target = 46CA53731C4A727C00FE42F5 /* LoopChat */;
			targetProxy = 46CA538E1C4A727C00FE42F5 /* PBXContainerItemProxy */;
		};
		46CA539A1C4A727C00FE42F5 /* PBXTargetDependency */ = {
			isa = PBXTargetDependency;
			target = 46CA53731C4A727C00FE42F5 /* LoopChat */;
			targetProxy = 46CA53991C4A727C00FE42F5 /* PBXContainerItemProxy */;
		};
/* End PBXTargetDependency section */

/* Begin PBXVariantGroup section */
		46CA53801C4A727C00FE42F5 /* Main.storyboard */ = {
			isa = PBXVariantGroup;
			children = (
				46CA53811C4A727C00FE42F5 /* Base */,
			);
			name = Main.storyboard;
			sourceTree = "<group>";
		};
		46CA53851C4A727C00FE42F5 /* LaunchScreen.storyboard */ = {
			isa = PBXVariantGroup;
			children = (
				46CA53861C4A727C00FE42F5 /* Base */,
			);
			name = LaunchScreen.storyboard;
			sourceTree = "<group>";
		};
/* End PBXVariantGroup section */

/* Begin XCBuildConfiguration section */
		46CA539F1C4A727C00FE42F5 /* Debug */ = {
			isa = XCBuildConfiguration;
			buildSettings = {
				ALWAYS_SEARCH_USER_PATHS = NO;
				CLANG_CXX_LANGUAGE_STANDARD = "gnu++0x";
				CLANG_CXX_LIBRARY = "libc++";
				CLANG_ENABLE_MODULES = YES;
				CLANG_ENABLE_OBJC_ARC = YES;
				CLANG_WARN_BOOL_CONVERSION = YES;
				CLANG_WARN_CONSTANT_CONVERSION = YES;
				CLANG_WARN_DIRECT_OBJC_ISA_USAGE = YES_ERROR;
				CLANG_WARN_EMPTY_BODY = YES;
				CLANG_WARN_ENUM_CONVERSION = YES;
				CLANG_WARN_INT_CONVERSION = YES;
				CLANG_WARN_OBJC_ROOT_CLASS = YES_ERROR;
				CLANG_WARN_UNREACHABLE_CODE = YES;
				CLANG_WARN__DUPLICATE_METHOD_MATCH = YES;
				"CODE_SIGN_IDENTITY[sdk=iphoneos*]" = "iPhone Developer";
				COPY_PHASE_STRIP = NO;
				DEBUG_INFORMATION_FORMAT = dwarf;
				ENABLE_STRICT_OBJC_MSGSEND = YES;
				ENABLE_TESTABILITY = YES;
				GCC_C_LANGUAGE_STANDARD = gnu99;
				GCC_DYNAMIC_NO_PIC = NO;
				GCC_NO_COMMON_BLOCKS = YES;
				GCC_OPTIMIZATION_LEVEL = 0;
				GCC_PREPROCESSOR_DEFINITIONS = (
					"DEBUG=1",
					"$(inherited)",
				);
				GCC_WARN_64_TO_32_BIT_CONVERSION = YES;
				GCC_WARN_ABOUT_RETURN_TYPE = YES_ERROR;
				GCC_WARN_UNDECLARED_SELECTOR = YES;
				GCC_WARN_UNINITIALIZED_AUTOS = YES_AGGRESSIVE;
				GCC_WARN_UNUSED_FUNCTION = YES;
				GCC_WARN_UNUSED_VARIABLE = YES;
				IPHONEOS_DEPLOYMENT_TARGET = 9.2;
				MTL_ENABLE_DEBUG_INFO = YES;
				ONLY_ACTIVE_ARCH = YES;
				SDKROOT = iphoneos;
			};
			name = Debug;
		};
		46CA53A01C4A727C00FE42F5 /* Release */ = {
			isa = XCBuildConfiguration;
			buildSettings = {
				ALWAYS_SEARCH_USER_PATHS = NO;
				CLANG_CXX_LANGUAGE_STANDARD = "gnu++0x";
				CLANG_CXX_LIBRARY = "libc++";
				CLANG_ENABLE_MODULES = YES;
				CLANG_ENABLE_OBJC_ARC = YES;
				CLANG_WARN_BOOL_CONVERSION = YES;
				CLANG_WARN_CONSTANT_CONVERSION = YES;
				CLANG_WARN_DIRECT_OBJC_ISA_USAGE = YES_ERROR;
				CLANG_WARN_EMPTY_BODY = YES;
				CLANG_WARN_ENUM_CONVERSION = YES;
				CLANG_WARN_INT_CONVERSION = YES;
				CLANG_WARN_OBJC_ROOT_CLASS = YES_ERROR;
				CLANG_WARN_UNREACHABLE_CODE = YES;
				CLANG_WARN__DUPLICATE_METHOD_MATCH = YES;
				"CODE_SIGN_IDENTITY[sdk=iphoneos*]" = "iPhone Developer";
				COPY_PHASE_STRIP = NO;
				DEBUG_INFORMATION_FORMAT = "dwarf-with-dsym";
				ENABLE_NS_ASSERTIONS = NO;
				ENABLE_STRICT_OBJC_MSGSEND = YES;
				GCC_C_LANGUAGE_STANDARD = gnu99;
				GCC_NO_COMMON_BLOCKS = YES;
				GCC_WARN_64_TO_32_BIT_CONVERSION = YES;
				GCC_WARN_ABOUT_RETURN_TYPE = YES_ERROR;
				GCC_WARN_UNDECLARED_SELECTOR = YES;
				GCC_WARN_UNINITIALIZED_AUTOS = YES_AGGRESSIVE;
				GCC_WARN_UNUSED_FUNCTION = YES;
				GCC_WARN_UNUSED_VARIABLE = YES;
				IPHONEOS_DEPLOYMENT_TARGET = 9.2;
				MTL_ENABLE_DEBUG_INFO = NO;
				SDKROOT = iphoneos;
				VALIDATE_PRODUCT = YES;
			};
			name = Release;
		};
		46CA53A21C4A727C00FE42F5 /* Debug */ = {
			isa = XCBuildConfiguration;
			baseConfigurationReference = B0D4FCF70C396BCE686D0641 /* Pods.debug.xcconfig */;
			buildSettings = {
				ASSETCATALOG_COMPILER_APPICON_NAME = AppIcon;
				ENABLE_BITCODE = NO;
				FRAMEWORK_SEARCH_PATHS = (
					"$(inherited)",
					"$(PROJECT_DIR)/Parse",
				);
				GCC_INCREASE_PRECOMPILED_HEADER_SHARING = YES;
				GCC_PRECOMPILE_PREFIX_HEADER = YES;
				GCC_PREFIX_HEADER = Main_PrefixHeader.pch;
				INFOPLIST_FILE = LoopChat/Info.plist;
				IPHONEOS_DEPLOYMENT_TARGET = 9.0;
				LD_RUNPATH_SEARCH_PATHS = "$(inherited) @executable_path/Frameworks";
				LIBRARY_SEARCH_PATHS = (
					"$(inherited)",
					"$(PROJECT_DIR)/LoopChat/EMUIKit/3rdparty/DeviceHelper/VoiceConvert/opencore-amrnb",
					"$(PROJECT_DIR)/LoopChat/EMUIKit/3rdparty/DeviceHelper/VoiceConvert/opencore-amrwb",
				);
				ONLY_ACTIVE_ARCH = NO;
				OTHER_LDFLAGS = (
					"$(inherited)",
					"-ObjC",
					"-l\"DACircularProgress\"",
					"-l\"EaseMobClientSDKLite_arm64\"",
					"-l\"EaseMobClientSDKLite_armv7\"",
					"-l\"EaseMobClientSDKLite_armv7s\"",
					"-l\"EaseMobClientSDKLite_i386\"",
					"-l\"EaseMobClientSDKLite_x86_64\"",
					"-l\"EaseUI\"",
					"-l\"MBProgressHUD\"",
					"-l\"MJRefresh\"",
					"-l\"MWPhotoBrowser\"",
					"-l\"MobClickLibrary\"",
					"-l\"SDWebImage\"",
					"-l\"iconv\"",
					"-l\"resolv\"",
					"-l\"sqlite3\"",
					"-l\"stdc++\"",
					"-l\"stdc++.6\"",
					"-l\"xml2\"",
					"-l\"z\"",
					"-framework",
					"\"AddressBook\"",
					"-framework",
					"\"AssetsLibrary\"",
					"-framework",
					"\"CFNetwork\"",
					"-framework",
					"\"CoreGraphics\"",
					"-framework",
					"\"CoreLocation\"",
					"-framework",
					"\"Foundation\"",
					"-framework",
					"\"ImageIO\"",
					"-framework",
					"\"MapKit\"",
					"-framework",
					"\"MediaPlayer\"",
					"-framework",
					"\"MobileCoreServices\"",
					"-framework",
					"\"QuartzCore\"",
					"-framework",
					"\"Security\"",
					"-framework",
					"\"SystemConfiguration\"",
					"-framework",
					"\"UIKit\"",
					"-weak_framework",
					"-lDACircularProgress",
				);
				PRODUCT_BUNDLE_IDENTIFIER = com.XinQuan.LoopChat;
				PRODUCT_NAME = "$(TARGET_NAME)";
			};
			name = Debug;
		};
		46CA53A31C4A727C00FE42F5 /* Release */ = {
			isa = XCBuildConfiguration;
			baseConfigurationReference = 9F511D8D7410DDC85CAF2175 /* Pods.release.xcconfig */;
			buildSettings = {
				ASSETCATALOG_COMPILER_APPICON_NAME = AppIcon;
				ENABLE_BITCODE = NO;
				FRAMEWORK_SEARCH_PATHS = (
					"$(inherited)",
					"$(PROJECT_DIR)/Parse",
				);
				GCC_INCREASE_PRECOMPILED_HEADER_SHARING = YES;
				GCC_PRECOMPILE_PREFIX_HEADER = YES;
				GCC_PREFIX_HEADER = Main_PrefixHeader.pch;
				INFOPLIST_FILE = LoopChat/Info.plist;
				IPHONEOS_DEPLOYMENT_TARGET = 9.0;
				LD_RUNPATH_SEARCH_PATHS = "$(inherited) @executable_path/Frameworks";
				LIBRARY_SEARCH_PATHS = (
					"$(inherited)",
					"$(PROJECT_DIR)/LoopChat/EMUIKit/3rdparty/DeviceHelper/VoiceConvert/opencore-amrnb",
					"$(PROJECT_DIR)/LoopChat/EMUIKit/3rdparty/DeviceHelper/VoiceConvert/opencore-amrwb",
				);
				OTHER_LDFLAGS = (
					"$(inherited)",
					"-ObjC",
					"-l\"DACircularProgress\"",
					"-l\"EaseMobClientSDKLite_arm64\"",
					"-l\"EaseMobClientSDKLite_armv7\"",
					"-l\"EaseMobClientSDKLite_armv7s\"",
					"-l\"EaseMobClientSDKLite_i386\"",
					"-l\"EaseMobClientSDKLite_x86_64\"",
					"-l\"EaseUI\"",
					"-l\"MBProgressHUD\"",
					"-l\"MJRefresh\"",
					"-l\"MWPhotoBrowser\"",
					"-l\"MobClickLibrary\"",
					"-l\"SDWebImage\"",
					"-l\"iconv\"",
					"-l\"resolv\"",
					"-l\"sqlite3\"",
					"-l\"stdc++\"",
					"-l\"stdc++.6\"",
					"-l\"xml2\"",
					"-l\"z\"",
					"-framework",
					"\"AddressBook\"",
					"-framework",
					"\"AssetsLibrary\"",
					"-framework",
					"\"CFNetwork\"",
					"-framework",
					"\"CoreGraphics\"",
					"-framework",
					"\"CoreLocation\"",
					"-framework",
					"\"Foundation\"",
					"-framework",
					"\"ImageIO\"",
					"-framework",
					"\"MapKit\"",
					"-framework",
					"\"MediaPlayer\"",
					"-framework",
					"\"MobileCoreServices\"",
					"-framework",
					"\"QuartzCore\"",
					"-framework",
					"\"Security\"",
					"-framework",
					"\"SystemConfiguration\"",
					"-framework",
					"\"UIKit\"",
					"-weak_framework",
					"-lDACircularProgress",
				);
				PRODUCT_BUNDLE_IDENTIFIER = com.XinQuan.LoopChat;
				PRODUCT_NAME = "$(TARGET_NAME)";
			};
			name = Release;
		};
		46CA53A51C4A727C00FE42F5 /* Debug */ = {
			isa = XCBuildConfiguration;
			buildSettings = {
				BUNDLE_LOADER = "$(TEST_HOST)";
				INFOPLIST_FILE = LoopChatTests/Info.plist;
				LD_RUNPATH_SEARCH_PATHS = "$(inherited) @executable_path/Frameworks @loader_path/Frameworks";
				PRODUCT_BUNDLE_IDENTIFIER = com.XinQuan.LoopChatTests;
				PRODUCT_NAME = "$(TARGET_NAME)";
				TEST_HOST = "$(BUILT_PRODUCTS_DIR)/LoopChat.app/LoopChat";
			};
			name = Debug;
		};
		46CA53A61C4A727C00FE42F5 /* Release */ = {
			isa = XCBuildConfiguration;
			buildSettings = {
				BUNDLE_LOADER = "$(TEST_HOST)";
				INFOPLIST_FILE = LoopChatTests/Info.plist;
				LD_RUNPATH_SEARCH_PATHS = "$(inherited) @executable_path/Frameworks @loader_path/Frameworks";
				PRODUCT_BUNDLE_IDENTIFIER = com.XinQuan.LoopChatTests;
				PRODUCT_NAME = "$(TARGET_NAME)";
				TEST_HOST = "$(BUILT_PRODUCTS_DIR)/LoopChat.app/LoopChat";
			};
			name = Release;
		};
		46CA53A81C4A727C00FE42F5 /* Debug */ = {
			isa = XCBuildConfiguration;
			buildSettings = {
				INFOPLIST_FILE = LoopChatUITests/Info.plist;
				LD_RUNPATH_SEARCH_PATHS = "$(inherited) @executable_path/Frameworks @loader_path/Frameworks";
				PRODUCT_BUNDLE_IDENTIFIER = com.XinQuan.LoopChatUITests;
				PRODUCT_NAME = "$(TARGET_NAME)";
				TEST_TARGET_NAME = LoopChat;
				USES_XCTRUNNER = YES;
			};
			name = Debug;
		};
		46CA53A91C4A727C00FE42F5 /* Release */ = {
			isa = XCBuildConfiguration;
			buildSettings = {
				INFOPLIST_FILE = LoopChatUITests/Info.plist;
				LD_RUNPATH_SEARCH_PATHS = "$(inherited) @executable_path/Frameworks @loader_path/Frameworks";
				PRODUCT_BUNDLE_IDENTIFIER = com.XinQuan.LoopChatUITests;
				PRODUCT_NAME = "$(TARGET_NAME)";
				TEST_TARGET_NAME = LoopChat;
				USES_XCTRUNNER = YES;
			};
			name = Release;
		};
/* End XCBuildConfiguration section */

/* Begin XCConfigurationList section */
		46CA536F1C4A727C00FE42F5 /* Build configuration list for PBXProject "LoopChat" */ = {
			isa = XCConfigurationList;
			buildConfigurations = (
				46CA539F1C4A727C00FE42F5 /* Debug */,
				46CA53A01C4A727C00FE42F5 /* Release */,
			);
			defaultConfigurationIsVisible = 0;
			defaultConfigurationName = Release;
		};
		46CA53A11C4A727C00FE42F5 /* Build configuration list for PBXNativeTarget "LoopChat" */ = {
			isa = XCConfigurationList;
			buildConfigurations = (
				46CA53A21C4A727C00FE42F5 /* Debug */,
				46CA53A31C4A727C00FE42F5 /* Release */,
			);
			defaultConfigurationIsVisible = 0;
			defaultConfigurationName = Release;
		};
		46CA53A41C4A727C00FE42F5 /* Build configuration list for PBXNativeTarget "LoopChatTests" */ = {
			isa = XCConfigurationList;
			buildConfigurations = (
				46CA53A51C4A727C00FE42F5 /* Debug */,
				46CA53A61C4A727C00FE42F5 /* Release */,
			);
			defaultConfigurationIsVisible = 0;
			defaultConfigurationName = Release;
		};
		46CA53A71C4A727C00FE42F5 /* Build configuration list for PBXNativeTarget "LoopChatUITests" */ = {
			isa = XCConfigurationList;
			buildConfigurations = (
				46CA53A81C4A727C00FE42F5 /* Debug */,
				46CA53A91C4A727C00FE42F5 /* Release */,
			);
			defaultConfigurationIsVisible = 0;
			defaultConfigurationName = Release;
		};
/* End XCConfigurationList section */
	};
	rootObject = 46CA536C1C4A727C00FE42F5 /* Project object */;
}
