PODS:
  - EaseMobSDK (2.2.2)

DEPENDENCIES:
  - EaseMobSDK (from `https://github.com/easemob/sdk-ios-cocoapods.git`)

EXTERNAL SOURCES:
  EaseMobSDK:
    :git: https://github.com/easemob/sdk-ios-cocoapods.git

CHECKOUT OPTIONS:
  EaseMobSDK:
    :commit: 94d26ad129403f1c8b6bef1ec505f842d41be3b1
    :git: https://github.com/easemob/sdk-ios-cocoapods.git

SPEC CHECKSUMS:
  EaseMobSDK: c686ef0f313d14ae18df45d82b9fc3746d6354bd

COCOAPODS: 0.38.2
